// !$*UTF8*$!
{
	archiveVersion = 1;
	classes = {
	};
	objectVersion = 46;
	objects = {

/* Begin PBXBuildFile section */
		AC1346681EFA639100AC817B /* assert.cc in Sources */ = {isa = PBXBuildFile; fileRef = AC13465A1EFA639100AC817B /* assert.cc */; };
		AC1346691EFA639100AC817B /* bucket.cc in Sources */ = {isa = PBXBuildFile; fileRef = AC13465B1EFA639100AC817B /* bucket.cc */; };
		AC13466A1EFA639100AC817B /* client.cc in Sources */ = {isa = PBXBuildFile; fileRef = AC13465D1EFA639100AC817B /* client.cc */; };
		AC13466B1EFA639100AC817B /* commands.cc in Sources */ = {isa = PBXBuildFile; fileRef = AC13465E1EFA639100AC817B /* commands.cc */; };
		AC13466C1EFA639100AC817B /* jsify.cc in Sources */ = {isa = PBXBuildFile; fileRef = AC13465F1EFA639100AC817B /* jsify.cc */; };
		AC13466D1EFA639100AC817B /* log.cc in Sources */ = {isa = PBXBuildFile; fileRef = AC1346611EFA639100AC817B /* log.cc */; };
		AC13466E1EFA639100AC817B /* message.cc in Sources */ = {isa = PBXBuildFile; fileRef = AC1346621EFA639100AC817B /* message.cc */; };
		AC13466F1EFA639100AC817B /* n1ql.cc in Sources */ = {isa = PBXBuildFile; fileRef = AC1346631EFA639100AC817B /* n1ql.cc */; };
		AC1346701EFA639100AC817B /* parse_deployment.cc in Sources */ = {isa = PBXBuildFile; fileRef = AC1346641EFA639100AC817B /* parse_deployment.cc */; };
		AC1346711EFA639100AC817B /* transpiler.cc in Sources */ = {isa = PBXBuildFile; fileRef = AC1346651EFA639100AC817B /* transpiler.cc */; };
		AC1346721EFA639100AC817B /* v8worker.cc in Sources */ = {isa = PBXBuildFile; fileRef = AC1346671EFA639100AC817B /* v8worker.cc */; };
		AC1A6B581ECEC8B400FFAE1F /* main.cpp in Sources */ = {isa = PBXBuildFile; fileRef = AC1A6B571ECEC8B400FFAE1F /* main.cpp */; };
		AC1A6B641ECEE71400FFAE1F /* n1ql.cpp in Sources */ = {isa = PBXBuildFile; fileRef = AC1A6B621ECEE71400FFAE1F /* n1ql.cpp */; };
		AC67C17B1ED56F9B00DC2A5E /* transpiler.cpp in Sources */ = {isa = PBXBuildFile; fileRef = AC67C17A1ED56F9B00DC2A5E /* transpiler.cpp */; };
/* End PBXBuildFile section */

/* Begin PBXCopyFilesBuildPhase section */
		AC1346311EFA246700AC817B /* CopyFiles */ = {
			isa = PBXCopyFilesBuildPhase;
			buildActionMask = 2147483647;
			dstPath = /usr/share/man/man1/;
			dstSubfolderSpec = 0;
			files = (
			);
			runOnlyForDeploymentPostprocessing = 1;
		};
		AC1346471EFA636800AC817B /* CopyFiles */ = {
			isa = PBXCopyFilesBuildPhase;
			buildActionMask = 2147483647;
			dstPath = /usr/share/man/man1/;
			dstSubfolderSpec = 0;
			files = (
			);
			runOnlyForDeploymentPostprocessing = 1;
		};
		AC1A6B521ECEC8B400FFAE1F /* CopyFiles */ = {
			isa = PBXCopyFilesBuildPhase;
			buildActionMask = 2147483647;
			dstPath = /usr/share/man/man1/;
			dstSubfolderSpec = 0;
			files = (
			);
			runOnlyForDeploymentPostprocessing = 1;
		};
/* End PBXCopyFilesBuildPhase section */

/* Begin PBXFileReference section */
		AC1346331EFA246700AC817B /* v8_consumer_issue */ = {isa = PBXFileReference; explicitFileType = "compiled.mach-o.executable"; includeInIndex = 0; path = v8_consumer_issue; sourceTree = BUILT_PRODUCTS_DIR; };
		AC1346491EFA636800AC817B /* enterprise */ = {isa = PBXFileReference; explicitFileType = "compiled.mach-o.executable"; includeInIndex = 0; path = enterprise; sourceTree = BUILT_PRODUCTS_DIR; };
		AC1346511EFA639100AC817B /* bucket.h */ = {isa = PBXFileReference; fileEncoding = 4; lastKnownFileType = sourcecode.c.h; path = bucket.h; sourceTree = "<group>"; };
		AC1346521EFA639100AC817B /* client.h */ = {isa = PBXFileReference; fileEncoding = 4; lastKnownFileType = sourcecode.c.h; path = client.h; sourceTree = "<group>"; };
		AC1346531EFA639100AC817B /* commands.h */ = {isa = PBXFileReference; fileEncoding = 4; lastKnownFileType = sourcecode.c.h; path = commands.h; sourceTree = "<group>"; };
		AC1346541EFA639100AC817B /* log.h */ = {isa = PBXFileReference; fileEncoding = 4; lastKnownFileType = sourcecode.c.h; path = log.h; sourceTree = "<group>"; };
		AC1346551EFA639100AC817B /* message.h */ = {isa = PBXFileReference; fileEncoding = 4; lastKnownFileType = sourcecode.c.h; path = message.h; sourceTree = "<group>"; };
		AC1346561EFA639100AC817B /* n1ql.h */ = {isa = PBXFileReference; fileEncoding = 4; lastKnownFileType = sourcecode.c.h; path = n1ql.h; sourceTree = "<group>"; };
		AC1346571EFA639100AC817B /* parse_deployment.h */ = {isa = PBXFileReference; fileEncoding = 4; lastKnownFileType = sourcecode.c.h; path = parse_deployment.h; sourceTree = "<group>"; };
		AC1346581EFA639100AC817B /* v8worker.h */ = {isa = PBXFileReference; fileEncoding = 4; lastKnownFileType = sourcecode.c.h; path = v8worker.h; sourceTree = "<group>"; };
		AC13465A1EFA639100AC817B /* assert.cc */ = {isa = PBXFileReference; fileEncoding = 4; lastKnownFileType = sourcecode.cpp.cpp; path = assert.cc; sourceTree = "<group>"; };
		AC13465B1EFA639100AC817B /* bucket.cc */ = {isa = PBXFileReference; fileEncoding = 4; lastKnownFileType = sourcecode.cpp.cpp; path = bucket.cc; sourceTree = "<group>"; };
		AC13465C1EFA639100AC817B /* builtin.js */ = {isa = PBXFileReference; fileEncoding = 4; lastKnownFileType = sourcecode.javascript; path = builtin.js; sourceTree = "<group>"; };
		AC13465D1EFA639100AC817B /* client.cc */ = {isa = PBXFileReference; fileEncoding = 4; lastKnownFileType = sourcecode.cpp.cpp; path = client.cc; sourceTree = "<group>"; };
		AC13465E1EFA639100AC817B /* commands.cc */ = {isa = PBXFileReference; fileEncoding = 4; lastKnownFileType = sourcecode.cpp.cpp; path = commands.cc; sourceTree = "<group>"; };
		AC13465F1EFA639100AC817B /* jsify.cc */ = {isa = PBXFileReference; fileEncoding = 4; lastKnownFileType = sourcecode.cpp.cpp; path = jsify.cc; sourceTree = "<group>"; };
		AC1346601EFA639100AC817B /* jsify.lex */ = {isa = PBXFileReference; fileEncoding = 4; lastKnownFileType = text; path = jsify.lex; sourceTree = "<group>"; };
		AC1346611EFA639100AC817B /* log.cc */ = {isa = PBXFileReference; fileEncoding = 4; lastKnownFileType = sourcecode.cpp.cpp; path = log.cc; sourceTree = "<group>"; };
		AC1346621EFA639100AC817B /* message.cc */ = {isa = PBXFileReference; fileEncoding = 4; lastKnownFileType = sourcecode.cpp.cpp; path = message.cc; sourceTree = "<group>"; };
		AC1346631EFA639100AC817B /* n1ql.cc */ = {isa = PBXFileReference; fileEncoding = 4; lastKnownFileType = sourcecode.cpp.cpp; path = n1ql.cc; sourceTree = "<group>"; };
		AC1346641EFA639100AC817B /* parse_deployment.cc */ = {isa = PBXFileReference; fileEncoding = 4; lastKnownFileType = sourcecode.cpp.cpp; path = parse_deployment.cc; sourceTree = "<group>"; };
		AC1346651EFA639100AC817B /* transpiler.cc */ = {isa = PBXFileReference; fileEncoding = 4; lastKnownFileType = sourcecode.cpp.cpp; path = transpiler.cc; sourceTree = "<group>"; };
		AC1346661EFA639100AC817B /* transpiler.js */ = {isa = PBXFileReference; fileEncoding = 4; lastKnownFileType = sourcecode.javascript; path = transpiler.js; sourceTree = "<group>"; };
		AC1346671EFA639100AC817B /* v8worker.cc */ = {isa = PBXFileReference; fileEncoding = 4; lastKnownFileType = sourcecode.cpp.cpp; path = v8worker.cc; sourceTree = "<group>"; };
		AC1346731EFAC55600AC817B /* input_internal.js */ = {isa = PBXFileReference; lastKnownFileType = sourcecode.javascript; path = input_internal.js; sourceTree = "<group>"; };
		AC1A6B541ECEC8B400FFAE1F /* n1ql_js_v3 */ = {isa = PBXFileReference; explicitFileType = "compiled.mach-o.executable"; includeInIndex = 0; path = n1ql_js_v3; sourceTree = BUILT_PRODUCTS_DIR; };
		AC1A6B571ECEC8B400FFAE1F /* main.cpp */ = {isa = PBXFileReference; lastKnownFileType = sourcecode.cpp.cpp; path = main.cpp; sourceTree = "<group>"; };
		AC1A6B601ECECB2B00FFAE1F /* input.js */ = {isa = PBXFileReference; lastKnownFileType = sourcecode.javascript; path = input.js; sourceTree = "<group>"; };
		AC1A6B611ECECB8C00FFAE1F /* builtin.js */ = {isa = PBXFileReference; lastKnownFileType = sourcecode.javascript; path = builtin.js; sourceTree = "<group>"; };
		AC1A6B621ECEE71400FFAE1F /* n1ql.cpp */ = {isa = PBXFileReference; fileEncoding = 4; lastKnownFileType = sourcecode.cpp.cpp; path = n1ql.cpp; sourceTree = "<group>"; };
		AC1A6B631ECEE71400FFAE1F /* n1ql.hpp */ = {isa = PBXFileReference; fileEncoding = 4; lastKnownFileType = sourcecode.cpp.h; path = n1ql.hpp; sourceTree = "<group>"; };
		AC67C1791ED56EE600DC2A5E /* transpiler.js */ = {isa = PBXFileReference; lastKnownFileType = sourcecode.javascript; path = transpiler.js; sourceTree = "<group>"; };
		AC67C17A1ED56F9B00DC2A5E /* transpiler.cpp */ = {isa = PBXFileReference; fileEncoding = 4; lastKnownFileType = sourcecode.cpp.cpp; path = transpiler.cpp; sourceTree = "<group>"; };
		AC67C17D1ED5710600DC2A5E /* escodegen.js */ = {isa = PBXFileReference; fileEncoding = 4; lastKnownFileType = sourcecode.javascript; path = escodegen.js; sourceTree = "<group>"; };
		AC67C17E1ED5710600DC2A5E /* esprima.js */ = {isa = PBXFileReference; fileEncoding = 4; lastKnownFileType = sourcecode.javascript; path = esprima.js; sourceTree = "<group>"; };
		AC67C17F1ED5710600DC2A5E /* estraverse.js */ = {isa = PBXFileReference; fileEncoding = 4; lastKnownFileType = sourcecode.javascript; path = estraverse.js; sourceTree = "<group>"; };
/* End PBXFileReference section */

/* Begin PBXFrameworksBuildPhase section */
		AC1346301EFA246700AC817B /* Frameworks */ = {
			isa = PBXFrameworksBuildPhase;
			buildActionMask = 2147483647;
			files = (
			);
			runOnlyForDeploymentPostprocessing = 0;
		};
		AC1346461EFA636800AC817B /* Frameworks */ = {
			isa = PBXFrameworksBuildPhase;
			buildActionMask = 2147483647;
			files = (
			);
			runOnlyForDeploymentPostprocessing = 0;
		};
		AC1A6B511ECEC8B400FFAE1F /* Frameworks */ = {
			isa = PBXFrameworksBuildPhase;
			buildActionMask = 2147483647;
			files = (
			);
			runOnlyForDeploymentPostprocessing = 0;
		};
/* End PBXFrameworksBuildPhase section */

/* Begin PBXGroup section */
		AC13464A1EFA636800AC817B /* enterprise */ = {
			isa = PBXGroup;
			children = (
				AC1346501EFA639100AC817B /* include */,
				AC1346591EFA639100AC817B /* src */,
			);
			path = enterprise;
			sourceTree = "<group>";
		};
		AC1346501EFA639100AC817B /* include */ = {
			isa = PBXGroup;
			children = (
				AC1346511EFA639100AC817B /* bucket.h */,
				AC1346521EFA639100AC817B /* client.h */,
				AC1346531EFA639100AC817B /* commands.h */,
				AC1346541EFA639100AC817B /* log.h */,
				AC1346551EFA639100AC817B /* message.h */,
				AC1346561EFA639100AC817B /* n1ql.h */,
				AC1346571EFA639100AC817B /* parse_deployment.h */,
				AC1346581EFA639100AC817B /* v8worker.h */,
			);
			name = include;
			path = ../../../couchbase/enterprise/goproj/src/github.com/couchbase/eventing/v8_consumer/include;
			sourceTree = "<group>";
		};
		AC1346591EFA639100AC817B /* src */ = {
			isa = PBXGroup;
			children = (
				AC13465A1EFA639100AC817B /* assert.cc */,
				AC13465B1EFA639100AC817B /* bucket.cc */,
				AC13465C1EFA639100AC817B /* builtin.js */,
				AC13465D1EFA639100AC817B /* client.cc */,
				AC13465E1EFA639100AC817B /* commands.cc */,
				AC13465F1EFA639100AC817B /* jsify.cc */,
				AC1346601EFA639100AC817B /* jsify.lex */,
				AC1346611EFA639100AC817B /* log.cc */,
				AC1346621EFA639100AC817B /* message.cc */,
				AC1346631EFA639100AC817B /* n1ql.cc */,
				AC1346641EFA639100AC817B /* parse_deployment.cc */,
				AC1346651EFA639100AC817B /* transpiler.cc */,
				AC1346661EFA639100AC817B /* transpiler.js */,
				AC1346671EFA639100AC817B /* v8worker.cc */,
			);
			name = src;
			path = ../../../couchbase/enterprise/goproj/src/github.com/couchbase/eventing/v8_consumer/src;
			sourceTree = "<group>";
		};
		AC1A6B4B1ECEC8B400FFAE1F = {
			isa = PBXGroup;
			children = (
				AC1A6B5F1ECECB1B00FFAE1F /* inputs */,
				AC1A6B561ECEC8B400FFAE1F /* n1ql_js_v3 */,
				AC13464A1EFA636800AC817B /* enterprise */,
				AC1A6B551ECEC8B400FFAE1F /* Products */,
			);
			sourceTree = "<group>";
		};
		AC1A6B551ECEC8B400FFAE1F /* Products */ = {
			isa = PBXGroup;
			children = (
				AC1A6B541ECEC8B400FFAE1F /* n1ql_js_v3 */,
				AC1346331EFA246700AC817B /* v8_consumer_issue */,
				AC1346491EFA636800AC817B /* enterprise */,
			);
			name = Products;
			sourceTree = "<group>";
		};
		AC1A6B561ECEC8B400FFAE1F /* n1ql_js_v3 */ = {
			isa = PBXGroup;
			children = (
				AC67C17C1ED570F500DC2A5E /* third_party */,
				AC1A6B571ECEC8B400FFAE1F /* main.cpp */,
				AC1A6B611ECECB8C00FFAE1F /* builtin.js */,
				AC1A6B621ECEE71400FFAE1F /* n1ql.cpp */,
				AC1A6B631ECEE71400FFAE1F /* n1ql.hpp */,
				AC67C1791ED56EE600DC2A5E /* transpiler.js */,
				AC67C17A1ED56F9B00DC2A5E /* transpiler.cpp */,
			);
			path = n1ql_js_v3;
			sourceTree = "<group>";
		};
		AC1A6B5F1ECECB1B00FFAE1F /* inputs */ = {
			isa = PBXGroup;
			children = (
				AC1A6B601ECECB2B00FFAE1F /* input.js */,
				AC1346731EFAC55600AC817B /* input_internal.js */,
			);
			name = inputs;
			sourceTree = "<group>";
		};
		AC67C17C1ED570F500DC2A5E /* third_party */ = {
			isa = PBXGroup;
			children = (
				AC67C17D1ED5710600DC2A5E /* escodegen.js */,
				AC67C17E1ED5710600DC2A5E /* esprima.js */,
				AC67C17F1ED5710600DC2A5E /* estraverse.js */,
			);
			name = third_party;
			sourceTree = "<group>";
		};
/* End PBXGroup section */

/* Begin PBXNativeTarget section */
		AC1346321EFA246700AC817B /* v8_consumer_issue */ = {
			isa = PBXNativeTarget;
			buildConfigurationList = AC1346371EFA246700AC817B /* Build configuration list for PBXNativeTarget "v8_consumer_issue" */;
			buildPhases = (
				AC13462F1EFA246700AC817B /* Sources */,
				AC1346301EFA246700AC817B /* Frameworks */,
				AC1346311EFA246700AC817B /* CopyFiles */,
			);
			buildRules = (
			);
			dependencies = (
			);
			name = v8_consumer_issue;
			productName = v8_consumer_issue;
			productReference = AC1346331EFA246700AC817B /* v8_consumer_issue */;
			productType = "com.apple.product-type.tool";
		};
		AC1346481EFA636800AC817B /* enterprise */ = {
			isa = PBXNativeTarget;
			buildConfigurationList = AC13464D1EFA636800AC817B /* Build configuration list for PBXNativeTarget "enterprise" */;
			buildPhases = (
				AC1346451EFA636800AC817B /* Sources */,
				AC1346461EFA636800AC817B /* Frameworks */,
				AC1346471EFA636800AC817B /* CopyFiles */,
			);
			buildRules = (
			);
			dependencies = (
			);
			name = enterprise;
			productName = enterprise;
			productReference = AC1346491EFA636800AC817B /* enterprise */;
			productType = "com.apple.product-type.tool";
		};
		AC1A6B531ECEC8B400FFAE1F /* n1ql_js_v3 */ = {
			isa = PBXNativeTarget;
			buildConfigurationList = AC1A6B5B1ECEC8B400FFAE1F /* Build configuration list for PBXNativeTarget "n1ql_js_v3" */;
			buildPhases = (
				AC1A6B501ECEC8B400FFAE1F /* Sources */,
				AC1A6B511ECEC8B400FFAE1F /* Frameworks */,
				AC1A6B521ECEC8B400FFAE1F /* CopyFiles */,
				AC1A6B5E1ECEC97700FFAE1F /* ShellScript */,
			);
			buildRules = (
			);
			dependencies = (
			);
			name = n1ql_js_v3;
			productName = n1ql_js_v3;
			productReference = AC1A6B541ECEC8B400FFAE1F /* n1ql_js_v3 */;
			productType = "com.apple.product-type.tool";
		};
/* End PBXNativeTarget section */

/* Begin PBXProject section */
		AC1A6B4C1ECEC8B400FFAE1F /* Project object */ = {
			isa = PBXProject;
			attributes = {
				LastUpgradeCheck = 0830;
				ORGANIZATIONNAME = Couchbase;
				TargetAttributes = {
					AC1346321EFA246700AC817B = {
						CreatedOnToolsVersion = 8.3.3;
						ProvisioningStyle = Automatic;
					};
					AC1346481EFA636800AC817B = {
						CreatedOnToolsVersion = 8.3.3;
						ProvisioningStyle = Automatic;
					};
					AC1A6B531ECEC8B400FFAE1F = {
						CreatedOnToolsVersion = 8.3.2;
						ProvisioningStyle = Automatic;
					};
				};
			};
			buildConfigurationList = AC1A6B4F1ECEC8B400FFAE1F /* Build configuration list for PBXProject "n1ql_js_v3" */;
			compatibilityVersion = "Xcode 3.2";
			developmentRegion = English;
			hasScannedForEncodings = 0;
			knownRegions = (
				en,
			);
			mainGroup = AC1A6B4B1ECEC8B400FFAE1F;
			productRefGroup = AC1A6B551ECEC8B400FFAE1F /* Products */;
			projectDirPath = "";
			projectRoot = "";
			targets = (
				AC1A6B531ECEC8B400FFAE1F /* n1ql_js_v3 */,
				AC1346321EFA246700AC817B /* v8_consumer_issue */,
				AC1346481EFA636800AC817B /* enterprise */,
			);
		};
/* End PBXProject section */

/* Begin PBXShellScriptBuildPhase section */
		AC1A6B5E1ECEC97700FFAE1F /* ShellScript */ = {
			isa = PBXShellScriptBuildPhase;
			buildActionMask = 2147483647;
			files = (
			);
			inputPaths = (
			);
			outputPaths = (
			);
			runOnlyForDeploymentPostprocessing = 0;
			shellPath = /bin/sh;
			shellScript = "install_name_tool -change @rpath/libv8.dylib /Users/gautham/.cbdepscache/lib/libv8.dylib /Users/gautham/Library/Developer/Xcode/DerivedData/n1ql_js_v3-flnomyrequznwsddzhlkjviigurh/Build/Products/Debug/n1ql_js_v3";
		};
/* End PBXShellScriptBuildPhase section */

/* Begin PBXSourcesBuildPhase section */
		AC13462F1EFA246700AC817B /* Sources */ = {
			isa = PBXSourcesBuildPhase;
			buildActionMask = 2147483647;
			files = (
			);
			runOnlyForDeploymentPostprocessing = 0;
		};
		AC1346451EFA636800AC817B /* Sources */ = {
			isa = PBXSourcesBuildPhase;
			buildActionMask = 2147483647;
			files = (
				AC13466E1EFA639100AC817B /* message.cc in Sources */,
				AC1346721EFA639100AC817B /* v8worker.cc in Sources */,
				AC1346701EFA639100AC817B /* parse_deployment.cc in Sources */,
				AC13466D1EFA639100AC817B /* log.cc in Sources */,
				AC13466A1EFA639100AC817B /* client.cc in Sources */,
				AC13466C1EFA639100AC817B /* jsify.cc in Sources */,
				AC13466B1EFA639100AC817B /* commands.cc in Sources */,
				AC1346681EFA639100AC817B /* assert.cc in Sources */,
				AC1346711EFA639100AC817B /* transpiler.cc in Sources */,
				AC1346691EFA639100AC817B /* bucket.cc in Sources */,
				AC13466F1EFA639100AC817B /* n1ql.cc in Sources */,
			);
			runOnlyForDeploymentPostprocessing = 0;
		};
		AC1A6B501ECEC8B400FFAE1F /* Sources */ = {
			isa = PBXSourcesBuildPhase;
			buildActionMask = 2147483647;
			files = (
				AC1A6B581ECEC8B400FFAE1F /* main.cpp in Sources */,
				AC1A6B641ECEE71400FFAE1F /* n1ql.cpp in Sources */,
				AC67C17B1ED56F9B00DC2A5E /* transpiler.cpp in Sources */,
			);
			runOnlyForDeploymentPostprocessing = 0;
		};
/* End PBXSourcesBuildPhase section */

/* Begin XCBuildConfiguration section */
		AC1346381EFA246700AC817B /* Debug */ = {
			isa = XCBuildConfiguration;
			buildSettings = {
				HEADER_SEARCH_PATHS = (
					/usr/local/include/,
					/Users/gautham/.cbdepscache/,
				);
				LIBRARY_SEARCH_PATHS = (
					/Users/gautham/.cbdepscache/lib/,
					/usr/local/lib/,
				);
				PRODUCT_NAME = "$(TARGET_NAME)";
			};
			name = Debug;
		};
		AC1346391EFA246700AC817B /* Release */ = {
			isa = XCBuildConfiguration;
			buildSettings = {
				HEADER_SEARCH_PATHS = (
					/usr/local/include/,
					/Users/gautham/.cbdepscache/,
				);
				LIBRARY_SEARCH_PATHS = (
					/Users/gautham/.cbdepscache/lib/,
					/usr/local/lib/,
				);
				PRODUCT_NAME = "$(TARGET_NAME)";
			};
			name = Release;
		};
		AC13464E1EFA636800AC817B /* Debug */ = {
			isa = XCBuildConfiguration;
			buildSettings = {
				HEADER_SEARCH_PATHS = (
					/Users/gautham/.cbdepscache/,
					/usr/local/include/,
				);
				LIBRARY_SEARCH_PATHS = (
					/Users/gautham/.cbdepscache/lib/,
					/usr/local/lib/,
				);
				PRODUCT_NAME = "$(TARGET_NAME)";
			};
			name = Debug;
		};
		AC13464F1EFA636800AC817B /* Release */ = {
			isa = XCBuildConfiguration;
			buildSettings = {
				HEADER_SEARCH_PATHS = (
					/Users/gautham/.cbdepscache/,
					/usr/local/include/,
				);
				LIBRARY_SEARCH_PATHS = (
					/Users/gautham/.cbdepscache/lib/,
					/usr/local/lib/,
				);
				PRODUCT_NAME = "$(TARGET_NAME)";
			};
			name = Release;
		};
		AC1A6B591ECEC8B400FFAE1F /* Debug */ = {
			isa = XCBuildConfiguration;
			buildSettings = {
				ALWAYS_SEARCH_USER_PATHS = NO;
				CLANG_ANALYZER_NONNULL = YES;
				CLANG_ANALYZER_NUMBER_OBJECT_CONVERSION = YES_AGGRESSIVE;
				CLANG_CXX_LANGUAGE_STANDARD = "gnu++0x";
				CLANG_CXX_LIBRARY = "libc++";
				CLANG_ENABLE_MODULES = YES;
				CLANG_ENABLE_OBJC_ARC = YES;
				CLANG_WARN_BOOL_CONVERSION = YES;
				CLANG_WARN_CONSTANT_CONVERSION = YES;
				CLANG_WARN_DIRECT_OBJC_ISA_USAGE = YES_ERROR;
				CLANG_WARN_DOCUMENTATION_COMMENTS = YES;
				CLANG_WARN_EMPTY_BODY = YES;
				CLANG_WARN_ENUM_CONVERSION = YES;
				CLANG_WARN_INFINITE_RECURSION = YES;
				CLANG_WARN_INT_CONVERSION = YES;
				CLANG_WARN_OBJC_ROOT_CLASS = YES_ERROR;
				CLANG_WARN_SUSPICIOUS_MOVE = YES;
				CLANG_WARN_UNREACHABLE_CODE = YES;
				CLANG_WARN__DUPLICATE_METHOD_MATCH = YES;
				CODE_SIGN_IDENTITY = "-";
				COPY_PHASE_STRIP = NO;
				DEBUG_INFORMATION_FORMAT = dwarf;
				ENABLE_STRICT_OBJC_MSGSEND = YES;
				ENABLE_TESTABILITY = YES;
				GCC_C_LANGUAGE_STANDARD = gnu99;
				GCC_DYNAMIC_NO_PIC = NO;
				GCC_NO_COMMON_BLOCKS = YES;
				GCC_OPTIMIZATION_LEVEL = 0;
				GCC_PREPROCESSOR_DEFINITIONS = (
					"DEBUG=1",
					"$(inherited)",
				);
				GCC_WARN_64_TO_32_BIT_CONVERSION = YES;
				GCC_WARN_ABOUT_RETURN_TYPE = YES_ERROR;
				GCC_WARN_UNDECLARED_SELECTOR = YES;
				GCC_WARN_UNINITIALIZED_AUTOS = YES_AGGRESSIVE;
				GCC_WARN_UNUSED_FUNCTION = YES;
				GCC_WARN_UNUSED_VARIABLE = YES;
				MACOSX_DEPLOYMENT_TARGET = 10.12;
				MTL_ENABLE_DEBUG_INFO = YES;
				ONLY_ACTIVE_ARCH = YES;
				SDKROOT = macosx;
			};
			name = Debug;
		};
		AC1A6B5A1ECEC8B400FFAE1F /* Release */ = {
			isa = XCBuildConfiguration;
			buildSettings = {
				ALWAYS_SEARCH_USER_PATHS = NO;
				CLANG_ANALYZER_NONNULL = YES;
				CLANG_ANALYZER_NUMBER_OBJECT_CONVERSION = YES_AGGRESSIVE;
				CLANG_CXX_LANGUAGE_STANDARD = "gnu++0x";
				CLANG_CXX_LIBRARY = "libc++";
				CLANG_ENABLE_MODULES = YES;
				CLANG_ENABLE_OBJC_ARC = YES;
				CLANG_WARN_BOOL_CONVERSION = YES;
				CLANG_WARN_CONSTANT_CONVERSION = YES;
				CLANG_WARN_DIRECT_OBJC_ISA_USAGE = YES_ERROR;
				CLANG_WARN_DOCUMENTATION_COMMENTS = YES;
				CLANG_WARN_EMPTY_BODY = YES;
				CLANG_WARN_ENUM_CONVERSION = YES;
				CLANG_WARN_INFINITE_RECURSION = YES;
				CLANG_WARN_INT_CONVERSION = YES;
				CLANG_WARN_OBJC_ROOT_CLASS = YES_ERROR;
				CLANG_WARN_SUSPICIOUS_MOVE = YES;
				CLANG_WARN_UNREACHABLE_CODE = YES;
				CLANG_WARN__DUPLICATE_METHOD_MATCH = YES;
				CODE_SIGN_IDENTITY = "-";
				COPY_PHASE_STRIP = NO;
				DEBUG_INFORMATION_FORMAT = "dwarf-with-dsym";
				ENABLE_NS_ASSERTIONS = NO;
				ENABLE_STRICT_OBJC_MSGSEND = YES;
				GCC_C_LANGUAGE_STANDARD = gnu99;
				GCC_NO_COMMON_BLOCKS = YES;
				GCC_WARN_64_TO_32_BIT_CONVERSION = YES;
				GCC_WARN_ABOUT_RETURN_TYPE = YES_ERROR;
				GCC_WARN_UNDECLARED_SELECTOR = YES;
				GCC_WARN_UNINITIALIZED_AUTOS = YES_AGGRESSIVE;
				GCC_WARN_UNUSED_FUNCTION = YES;
				GCC_WARN_UNUSED_VARIABLE = YES;
				MACOSX_DEPLOYMENT_TARGET = 10.12;
				MTL_ENABLE_DEBUG_INFO = NO;
				SDKROOT = macosx;
			};
			name = Release;
		};
		AC1A6B5C1ECEC8B400FFAE1F /* Debug */ = {
			isa = XCBuildConfiguration;
			buildSettings = {
				HEADER_SEARCH_PATHS = (
					/usr/local/include/,
					/Users/gautham/.cbdepscache/,
				);
				LIBRARY_SEARCH_PATHS = (
					/usr/local/lib/,
					/Users/gautham/.cbdepscache/lib/,
				);
				OTHER_LDFLAGS = (
					"-lcouchbase",
					"-lv8",
				);
				PRODUCT_NAME = "$(TARGET_NAME)";
			};
			name = Debug;
		};
		AC1A6B5D1ECEC8B400FFAE1F /* Release */ = {
			isa = XCBuildConfiguration;
			buildSettings = {
				HEADER_SEARCH_PATHS = (
					/usr/local/include/,
					/Users/gautham/.cbdepscache/,
				);
				LIBRARY_SEARCH_PATHS = (
					/usr/local/lib/,
					/Users/gautham/.cbdepscache/lib/,
				);
				OTHER_LDFLAGS = (
					"-lcouchbase",
					"-lv8",
				);
				PRODUCT_NAME = "$(TARGET_NAME)";
			};
			name = Release;
		};
/* End XCBuildConfiguration section */

/* Begin XCConfigurationList section */
		AC1346371EFA246700AC817B /* Build configuration list for PBXNativeTarget "v8_consumer_issue" */ = {
			isa = XCConfigurationList;
			buildConfigurations = (
				AC1346381EFA246700AC817B /* Debug */,
				AC1346391EFA246700AC817B /* Release */,
			);
			defaultConfigurationIsVisible = 0;
			defaultConfigurationName = Release;
		};
		AC13464D1EFA636800AC817B /* Build configuration list for PBXNativeTarget "enterprise" */ = {
			isa = XCConfigurationList;
			buildConfigurations = (
				AC13464E1EFA636800AC817B /* Debug */,
				AC13464F1EFA636800AC817B /* Release */,
			);
			defaultConfigurationIsVisible = 0;
			defaultConfigurationName = Release;
		};
		AC1A6B4F1ECEC8B400FFAE1F /* Build configuration list for PBXProject "n1ql_js_v3" */ = {
			isa = XCConfigurationList;
			buildConfigurations = (
				AC1A6B591ECEC8B400FFAE1F /* Debug */,
				AC1A6B5A1ECEC8B400FFAE1F /* Release */,
			);
			defaultConfigurationIsVisible = 0;
			defaultConfigurationName = Release;
		};
		AC1A6B5B1ECEC8B400FFAE1F /* Build configuration list for PBXNativeTarget "n1ql_js_v3" */ = {
			isa = XCConfigurationList;
			buildConfigurations = (
				AC1A6B5C1ECEC8B400FFAE1F /* Debug */,
				AC1A6B5D1ECEC8B400FFAE1F /* Release */,
			);
			defaultConfigurationIsVisible = 0;
			defaultConfigurationName = Release;
		};
/* End XCConfigurationList section */
	};
	rootObject = AC1A6B4C1ECEC8B400FFAE1F /* Project object */;
}
