// !$*UTF8*$!
{
	archiveVersion = 1;
	classes = {
	};
	objectVersion = 46;
	objects = {

/* Begin PBXBuildFile section */
		AC0CBB201F04C1A10000D398 /* assert.cc in Sources */ = {isa = PBXBuildFile; fileRef = AC0CBAFC1F04C1230000D398 /* assert.cc */; };
		AC0CBB211F04C1A10000D398 /* bucket.cc in Sources */ = {isa = PBXBuildFile; fileRef = AC0CBAFD1F04C1230000D398 /* bucket.cc */; };
		AC0CBB231F04C1A10000D398 /* client.cc in Sources */ = {isa = PBXBuildFile; fileRef = AC0CBAFF1F04C1230000D398 /* client.cc */; };
		AC0CBB241F04C1A10000D398 /* commands.cc in Sources */ = {isa = PBXBuildFile; fileRef = AC0CBB001F04C1230000D398 /* commands.cc */; };
		AC0CBB271F04C1A10000D398 /* log.cc in Sources */ = {isa = PBXBuildFile; fileRef = AC0CBB031F04C1230000D398 /* log.cc */; };
		AC0CBB281F04C1A10000D398 /* message.cc in Sources */ = {isa = PBXBuildFile; fileRef = AC0CBB041F04C1230000D398 /* message.cc */; };
		AC0CBB291F04C1A10000D398 /* n1ql.cc in Sources */ = {isa = PBXBuildFile; fileRef = AC0CBB051F04C1230000D398 /* n1ql.cc */; };
		AC0CBB2A1F04C1A10000D398 /* parse_deployment.cc in Sources */ = {isa = PBXBuildFile; fileRef = AC0CBB061F04C1230000D398 /* parse_deployment.cc */; };
		AC0CBB2B1F04C1A10000D398 /* transpiler.cc in Sources */ = {isa = PBXBuildFile; fileRef = AC0CBB071F04C1230000D398 /* transpiler.cc */; };
		AC0CBB2D1F04C1A10000D398 /* v8worker.cc in Sources */ = {isa = PBXBuildFile; fileRef = AC0CBB091F04C1230000D398 /* v8worker.cc */; };
		AC1A6B581ECEC8B400FFAE1F /* main.cpp in Sources */ = {isa = PBXBuildFile; fileRef = AC1A6B571ECEC8B400FFAE1F /* main.cpp */; };
		AC1A6B641ECEE71400FFAE1F /* n1ql.cpp in Sources */ = {isa = PBXBuildFile; fileRef = AC1A6B621ECEE71400FFAE1F /* n1ql.cpp */; };
		AC67C17B1ED56F9B00DC2A5E /* transpiler.cpp in Sources */ = {isa = PBXBuildFile; fileRef = AC67C17A1ED56F9B00DC2A5E /* transpiler.cpp */; };
/* End PBXBuildFile section */

/* Begin PBXCopyFilesBuildPhase section */
		AC0CBB171F04C1490000D398 /* CopyFiles */ = {
			isa = PBXCopyFilesBuildPhase;
			buildActionMask = 2147483647;
			dstPath = /usr/share/man/man1/;
			dstSubfolderSpec = 0;
			files = (
			);
			runOnlyForDeploymentPostprocessing = 1;
		};
		AC1A6B521ECEC8B400FFAE1F /* CopyFiles */ = {
			isa = PBXCopyFilesBuildPhase;
			buildActionMask = 2147483647;
			dstPath = /usr/share/man/man1/;
			dstSubfolderSpec = 0;
			files = (
			);
			runOnlyForDeploymentPostprocessing = 1;
		};
/* End PBXCopyFilesBuildPhase section */

/* Begin PBXFileReference section */
		AC0CBAF31F04C1230000D398 /* bucket.h */ = {isa = PBXFileReference; fileEncoding = 4; lastKnownFileType = sourcecode.c.h; path = bucket.h; sourceTree = "<group>"; };
		AC0CBAF41F04C1230000D398 /* client.h */ = {isa = PBXFileReference; fileEncoding = 4; lastKnownFileType = sourcecode.c.h; path = client.h; sourceTree = "<group>"; };
		AC0CBAF51F04C1230000D398 /* commands.h */ = {isa = PBXFileReference; fileEncoding = 4; lastKnownFileType = sourcecode.c.h; path = commands.h; sourceTree = "<group>"; };
		AC0CBAF61F04C1230000D398 /* log.h */ = {isa = PBXFileReference; fileEncoding = 4; lastKnownFileType = sourcecode.c.h; path = log.h; sourceTree = "<group>"; };
		AC0CBAF71F04C1230000D398 /* message.h */ = {isa = PBXFileReference; fileEncoding = 4; lastKnownFileType = sourcecode.c.h; path = message.h; sourceTree = "<group>"; };
		AC0CBAF81F04C1230000D398 /* n1ql.h */ = {isa = PBXFileReference; fileEncoding = 4; lastKnownFileType = sourcecode.c.h; path = n1ql.h; sourceTree = "<group>"; };
		AC0CBAF91F04C1230000D398 /* parse_deployment.h */ = {isa = PBXFileReference; fileEncoding = 4; lastKnownFileType = sourcecode.c.h; path = parse_deployment.h; sourceTree = "<group>"; };
		AC0CBAFA1F04C1230000D398 /* v8worker.h */ = {isa = PBXFileReference; fileEncoding = 4; lastKnownFileType = sourcecode.c.h; path = v8worker.h; sourceTree = "<group>"; };
		AC0CBAFC1F04C1230000D398 /* assert.cc */ = {isa = PBXFileReference; fileEncoding = 4; lastKnownFileType = sourcecode.cpp.cpp; path = assert.cc; sourceTree = "<group>"; };
		AC0CBAFD1F04C1230000D398 /* bucket.cc */ = {isa = PBXFileReference; fileEncoding = 4; lastKnownFileType = sourcecode.cpp.cpp; path = bucket.cc; sourceTree = "<group>"; };
		AC0CBAFE1F04C1230000D398 /* builtin.js */ = {isa = PBXFileReference; fileEncoding = 4; lastKnownFileType = sourcecode.javascript; path = builtin.js; sourceTree = "<group>"; };
		AC0CBAFF1F04C1230000D398 /* client.cc */ = {isa = PBXFileReference; fileEncoding = 4; lastKnownFileType = sourcecode.cpp.cpp; path = client.cc; sourceTree = "<group>"; };
		AC0CBB001F04C1230000D398 /* commands.cc */ = {isa = PBXFileReference; fileEncoding = 4; lastKnownFileType = sourcecode.cpp.cpp; path = commands.cc; sourceTree = "<group>"; };
		AC0CBB011F04C1230000D398 /* jsify.cc */ = {isa = PBXFileReference; fileEncoding = 4; lastKnownFileType = sourcecode.cpp.cpp; path = jsify.cc; sourceTree = "<group>"; };
		AC0CBB021F04C1230000D398 /* jsify.lex */ = {isa = PBXFileReference; fileEncoding = 4; lastKnownFileType = text; path = jsify.lex; sourceTree = "<group>"; };
		AC0CBB031F04C1230000D398 /* log.cc */ = {isa = PBXFileReference; fileEncoding = 4; lastKnownFileType = sourcecode.cpp.cpp; path = log.cc; sourceTree = "<group>"; };
		AC0CBB041F04C1230000D398 /* message.cc */ = {isa = PBXFileReference; fileEncoding = 4; lastKnownFileType = sourcecode.cpp.cpp; path = message.cc; sourceTree = "<group>"; };
		AC0CBB051F04C1230000D398 /* n1ql.cc */ = {isa = PBXFileReference; fileEncoding = 4; lastKnownFileType = sourcecode.cpp.cpp; path = n1ql.cc; sourceTree = "<group>"; };
		AC0CBB061F04C1230000D398 /* parse_deployment.cc */ = {isa = PBXFileReference; fileEncoding = 4; lastKnownFileType = sourcecode.cpp.cpp; path = parse_deployment.cc; sourceTree = "<group>"; };
		AC0CBB071F04C1230000D398 /* transpiler.cc */ = {isa = PBXFileReference; fileEncoding = 4; lastKnownFileType = sourcecode.cpp.cpp; path = transpiler.cc; sourceTree = "<group>"; };
		AC0CBB081F04C1230000D398 /* transpiler.js */ = {isa = PBXFileReference; fileEncoding = 4; lastKnownFileType = sourcecode.javascript; path = transpiler.js; sourceTree = "<group>"; };
		AC0CBB091F04C1230000D398 /* v8worker.cc */ = {isa = PBXFileReference; fileEncoding = 4; lastKnownFileType = sourcecode.cpp.cpp; path = v8worker.cc; sourceTree = "<group>"; };
		AC0CBB191F04C1490000D398 /* checkout */ = {isa = PBXFileReference; explicitFileType = "compiled.mach-o.executable"; includeInIndex = 0; path = checkout; sourceTree = BUILT_PRODUCTS_DIR; };
		AC1346731EFAC55600AC817B /* input_internal.js */ = {isa = PBXFileReference; lastKnownFileType = sourcecode.javascript; path = input_internal.js; sourceTree = "<group>"; };
		AC1A6B541ECEC8B400FFAE1F /* n1ql_js_v3 */ = {isa = PBXFileReference; explicitFileType = "compiled.mach-o.executable"; includeInIndex = 0; path = n1ql_js_v3; sourceTree = BUILT_PRODUCTS_DIR; };
		AC1A6B571ECEC8B400FFAE1F /* main.cpp */ = {isa = PBXFileReference; lastKnownFileType = sourcecode.cpp.cpp; path = main.cpp; sourceTree = "<group>"; };
		AC1A6B601ECECB2B00FFAE1F /* input.js */ = {isa = PBXFileReference; lastKnownFileType = sourcecode.javascript; path = input.js; sourceTree = "<group>"; };
		AC1A6B611ECECB8C00FFAE1F /* builtin.js */ = {isa = PBXFileReference; lastKnownFileType = sourcecode.javascript; path = builtin.js; sourceTree = "<group>"; };
		AC1A6B621ECEE71400FFAE1F /* n1ql.cpp */ = {isa = PBXFileReference; fileEncoding = 4; lastKnownFileType = sourcecode.cpp.cpp; path = n1ql.cpp; sourceTree = "<group>"; };
		AC1A6B631ECEE71400FFAE1F /* n1ql.hpp */ = {isa = PBXFileReference; fileEncoding = 4; lastKnownFileType = sourcecode.cpp.h; path = n1ql.hpp; sourceTree = "<group>"; };
		AC67C1791ED56EE600DC2A5E /* transpiler.js */ = {isa = PBXFileReference; lastKnownFileType = sourcecode.javascript; path = transpiler.js; sourceTree = "<group>"; };
		AC67C17A1ED56F9B00DC2A5E /* transpiler.cpp */ = {isa = PBXFileReference; fileEncoding = 4; lastKnownFileType = sourcecode.cpp.cpp; path = transpiler.cpp; sourceTree = "<group>"; };
		AC67C17D1ED5710600DC2A5E /* escodegen.js */ = {isa = PBXFileReference; fileEncoding = 4; lastKnownFileType = sourcecode.javascript; path = escodegen.js; sourceTree = "<group>"; };
		AC67C17E1ED5710600DC2A5E /* esprima.js */ = {isa = PBXFileReference; fileEncoding = 4; lastKnownFileType = sourcecode.javascript; path = esprima.js; sourceTree = "<group>"; };
		AC67C17F1ED5710600DC2A5E /* estraverse.js */ = {isa = PBXFileReference; fileEncoding = 4; lastKnownFileType = sourcecode.javascript; path = estraverse.js; sourceTree = "<group>"; };
/* End PBXFileReference section */

/* Begin PBXFrameworksBuildPhase section */
		AC0CBB161F04C1490000D398 /* Frameworks */ = {
			isa = PBXFrameworksBuildPhase;
			buildActionMask = 2147483647;
			files = (
			);
			runOnlyForDeploymentPostprocessing = 0;
		};
		AC1A6B511ECEC8B400FFAE1F /* Frameworks */ = {
			isa = PBXFrameworksBuildPhase;
			buildActionMask = 2147483647;
			files = (
			);
			runOnlyForDeploymentPostprocessing = 0;
		};
/* End PBXFrameworksBuildPhase section */

/* Begin PBXGroup section */
		AC0CBAF11F04C01F0000D398 /* checkout */ = {
			isa = PBXGroup;
			children = (
				AC0CBAF21F04C1230000D398 /* include */,
				AC0CBAFB1F04C1230000D398 /* src */,
			);
			name = checkout;
			sourceTree = "<group>";
		};
		AC0CBAF21F04C1230000D398 /* include */ = {
			isa = PBXGroup;
			children = (
				AC0CBAF31F04C1230000D398 /* bucket.h */,
				AC0CBAF41F04C1230000D398 /* client.h */,
				AC0CBAF51F04C1230000D398 /* commands.h */,
				AC0CBAF61F04C1230000D398 /* log.h */,
				AC0CBAF71F04C1230000D398 /* message.h */,
				AC0CBAF81F04C1230000D398 /* n1ql.h */,
				AC0CBAF91F04C1230000D398 /* parse_deployment.h */,
				AC0CBAFA1F04C1230000D398 /* v8worker.h */,
			);
			name = include;
			path = ../../checkout/eventing/v8_consumer/include;
			sourceTree = "<group>";
		};
		AC0CBAFB1F04C1230000D398 /* src */ = {
			isa = PBXGroup;
			children = (
				AC0CBAFC1F04C1230000D398 /* assert.cc */,
				AC0CBAFD1F04C1230000D398 /* bucket.cc */,
				AC0CBAFE1F04C1230000D398 /* builtin.js */,
				AC0CBAFF1F04C1230000D398 /* client.cc */,
				AC0CBB001F04C1230000D398 /* commands.cc */,
				AC0CBB011F04C1230000D398 /* jsify.cc */,
				AC0CBB021F04C1230000D398 /* jsify.lex */,
				AC0CBB031F04C1230000D398 /* log.cc */,
				AC0CBB041F04C1230000D398 /* message.cc */,
				AC0CBB051F04C1230000D398 /* n1ql.cc */,
				AC0CBB061F04C1230000D398 /* parse_deployment.cc */,
				AC0CBB071F04C1230000D398 /* transpiler.cc */,
				AC0CBB081F04C1230000D398 /* transpiler.js */,
				AC0CBB091F04C1230000D398 /* v8worker.cc */,
			);
			name = src;
			path = ../../checkout/eventing/v8_consumer/src;
			sourceTree = "<group>";
		};
		AC1A6B4B1ECEC8B400FFAE1F = {
			isa = PBXGroup;
			children = (
				AC0CBAF11F04C01F0000D398 /* checkout */,
				AC1A6B5F1ECECB1B00FFAE1F /* inputs */,
				AC1A6B561ECEC8B400FFAE1F /* n1ql_js_v3 */,
				AC1A6B551ECEC8B400FFAE1F /* Products */,
			);
			sourceTree = "<group>";
		};
		AC1A6B551ECEC8B400FFAE1F /* Products */ = {
			isa = PBXGroup;
			children = (
				AC1A6B541ECEC8B400FFAE1F /* n1ql_js_v3 */,
				AC0CBB191F04C1490000D398 /* checkout */,
			);
			name = Products;
			sourceTree = "<group>";
		};
		AC1A6B561ECEC8B400FFAE1F /* n1ql_js_v3 */ = {
			isa = PBXGroup;
			children = (
				AC67C17C1ED570F500DC2A5E /* third_party */,
				AC1A6B571ECEC8B400FFAE1F /* main.cpp */,
				AC1A6B611ECECB8C00FFAE1F /* builtin.js */,
				AC1A6B621ECEE71400FFAE1F /* n1ql.cpp */,
				AC1A6B631ECEE71400FFAE1F /* n1ql.hpp */,
				AC67C1791ED56EE600DC2A5E /* transpiler.js */,
				AC67C17A1ED56F9B00DC2A5E /* transpiler.cpp */,
			);
			path = n1ql_js_v3;
			sourceTree = "<group>";
		};
		AC1A6B5F1ECECB1B00FFAE1F /* inputs */ = {
			isa = PBXGroup;
			children = (
				AC1A6B601ECECB2B00FFAE1F /* input.js */,
				AC1346731EFAC55600AC817B /* input_internal.js */,
			);
			name = inputs;
			sourceTree = "<group>";
		};
		AC67C17C1ED570F500DC2A5E /* third_party */ = {
			isa = PBXGroup;
			children = (
				AC67C17D1ED5710600DC2A5E /* escodegen.js */,
				AC67C17E1ED5710600DC2A5E /* esprima.js */,
				AC67C17F1ED5710600DC2A5E /* estraverse.js */,
			);
			name = third_party;
			sourceTree = "<group>";
		};
/* End PBXGroup section */

/* Begin PBXNativeTarget section */
		AC0CBB181F04C1490000D398 /* checkout */ = {
			isa = PBXNativeTarget;
			buildConfigurationList = AC0CBB1D1F04C1490000D398 /* Build configuration list for PBXNativeTarget "checkout" */;
			buildPhases = (
				AC0CBB151F04C1490000D398 /* Sources */,
				AC0CBB161F04C1490000D398 /* Frameworks */,
				AC0CBB171F04C1490000D398 /* CopyFiles */,
			);
			buildRules = (
			);
			dependencies = (
			);
			name = checkout;
			productName = checkout;
			productReference = AC0CBB191F04C1490000D398 /* checkout */;
			productType = "com.apple.product-type.tool";
		};
		AC1A6B531ECEC8B400FFAE1F /* n1ql_js_v3 */ = {
			isa = PBXNativeTarget;
			buildConfigurationList = AC1A6B5B1ECEC8B400FFAE1F /* Build configuration list for PBXNativeTarget "n1ql_js_v3" */;
			buildPhases = (
				AC1A6B501ECEC8B400FFAE1F /* Sources */,
				AC1A6B511ECEC8B400FFAE1F /* Frameworks */,
				AC1A6B521ECEC8B400FFAE1F /* CopyFiles */,
				AC1A6B5E1ECEC97700FFAE1F /* ShellScript */,
			);
			buildRules = (
			);
			dependencies = (
			);
			name = n1ql_js_v3;
			productName = n1ql_js_v3;
			productReference = AC1A6B541ECEC8B400FFAE1F /* n1ql_js_v3 */;
			productType = "com.apple.product-type.tool";
		};
/* End PBXNativeTarget section */

/* Begin PBXProject section */
		AC1A6B4C1ECEC8B400FFAE1F /* Project object */ = {
			isa = PBXProject;
			attributes = {
				LastUpgradeCheck = 0830;
				ORGANIZATIONNAME = Couchbase;
				TargetAttributes = {
					AC0CBB181F04C1490000D398 = {
						CreatedOnToolsVersion = 8.3.3;
						ProvisioningStyle = Automatic;
					};
					AC1A6B531ECEC8B400FFAE1F = {
						CreatedOnToolsVersion = 8.3.2;
						ProvisioningStyle = Automatic;
					};
				};
			};
			buildConfigurationList = AC1A6B4F1ECEC8B400FFAE1F /* Build configuration list for PBXProject "n1ql_js_v3" */;
			compatibilityVersion = "Xcode 3.2";
			developmentRegion = English;
			hasScannedForEncodings = 0;
			knownRegions = (
				en,
			);
			mainGroup = AC1A6B4B1ECEC8B400FFAE1F;
			productRefGroup = AC1A6B551ECEC8B400FFAE1F /* Products */;
			projectDirPath = "";
			projectRoot = "";
			targets = (
				AC1A6B531ECEC8B400FFAE1F /* n1ql_js_v3 */,
				AC0CBB181F04C1490000D398 /* checkout */,
			);
		};
/* End PBXProject section */

/* Begin PBXShellScriptBuildPhase section */
		AC1A6B5E1ECEC97700FFAE1F /* ShellScript */ = {
			isa = PBXShellScriptBuildPhase;
			buildActionMask = 2147483647;
			files = (
			);
			inputPaths = (
			);
			outputPaths = (
			);
			runOnlyForDeploymentPostprocessing = 0;
			shellPath = /bin/sh;
			shellScript = "install_name_tool -change @rpath/libv8.dylib /Users/gautham/.cbdepscache/lib/libv8.dylib /Users/gautham/Library/Developer/Xcode/DerivedData/n1ql_js_v3-flnomyrequznwsddzhlkjviigurh/Build/Products/Debug/n1ql_js_v3";
		};
/* End PBXShellScriptBuildPhase section */

/* Begin PBXSourcesBuildPhase section */
		AC0CBB151F04C1490000D398 /* Sources */ = {
			isa = PBXSourcesBuildPhase;
			buildActionMask = 2147483647;
			files = (
				AC0CBB201F04C1A10000D398 /* assert.cc in Sources */,
				AC0CBB211F04C1A10000D398 /* bucket.cc in Sources */,
				AC0CBB231F04C1A10000D398 /* client.cc in Sources */,
				AC0CBB241F04C1A10000D398 /* commands.cc in Sources */,
				AC0CBB271F04C1A10000D398 /* log.cc in Sources */,
				AC0CBB281F04C1A10000D398 /* message.cc in Sources */,
				AC0CBB291F04C1A10000D398 /* n1ql.cc in Sources */,
				AC0CBB2A1F04C1A10000D398 /* parse_deployment.cc in Sources */,
				AC0CBB2B1F04C1A10000D398 /* transpiler.cc in Sources */,
				AC0CBB2D1F04C1A10000D398 /* v8worker.cc in Sources */,
			);
			runOnlyForDeploymentPostprocessing = 0;
		};
		AC1A6B501ECEC8B400FFAE1F /* Sources */ = {
			isa = PBXSourcesBuildPhase;
			buildActionMask = 2147483647;
			files = (
				AC1A6B581ECEC8B400FFAE1F /* main.cpp in Sources */,
				AC1A6B641ECEE71400FFAE1F /* n1ql.cpp in Sources */,
				AC67C17B1ED56F9B00DC2A5E /* transpiler.cpp in Sources */,
			);
			runOnlyForDeploymentPostprocessing = 0;
		};
/* End PBXSourcesBuildPhase section */

/* Begin XCBuildConfiguration section */
		AC0CBB1E1F04C1490000D398 /* Debug */ = {
			isa = XCBuildConfiguration;
			buildSettings = {
				HEADER_SEARCH_PATHS = (
					/usr/local/include/,
					/Users/gautham/.cbdepscache/,
				);
				LIBRARY_SEARCH_PATHS = (
					/usr/local/lib/,
					/Users/gautham/.cbdepscache/lib/,
				);
				PRODUCT_NAME = "$(TARGET_NAME)";
			};
			name = Debug;
		};
		AC0CBB1F1F04C1490000D398 /* Release */ = {
			isa = XCBuildConfiguration;
			buildSettings = {
				HEADER_SEARCH_PATHS = (
					/usr/local/include/,
					/Users/gautham/.cbdepscache/,
				);
				LIBRARY_SEARCH_PATHS = (
					/usr/local/lib/,
					/Users/gautham/.cbdepscache/lib/,
				);
				PRODUCT_NAME = "$(TARGET_NAME)";
			};
			name = Release;
		};
		AC1A6B591ECEC8B400FFAE1F /* Debug */ = {
			isa = XCBuildConfiguration;
			buildSettings = {
				ALWAYS_SEARCH_USER_PATHS = NO;
				CLANG_ANALYZER_NONNULL = YES;
				CLANG_ANALYZER_NUMBER_OBJECT_CONVERSION = YES_AGGRESSIVE;
				CLANG_CXX_LANGUAGE_STANDARD = "gnu++0x";
				CLANG_CXX_LIBRARY = "libc++";
				CLANG_ENABLE_MODULES = YES;
				CLANG_ENABLE_OBJC_ARC = YES;
				CLANG_WARN_BOOL_CONVERSION = YES;
				CLANG_WARN_CONSTANT_CONVERSION = YES;
				CLANG_WARN_DIRECT_OBJC_ISA_USAGE = YES_ERROR;
				CLANG_WARN_DOCUMENTATION_COMMENTS = YES;
				CLANG_WARN_EMPTY_BODY = YES;
				CLANG_WARN_ENUM_CONVERSION = YES;
				CLANG_WARN_INFINITE_RECURSION = YES;
				CLANG_WARN_INT_CONVERSION = YES;
				CLANG_WARN_OBJC_ROOT_CLASS = YES_ERROR;
				CLANG_WARN_SUSPICIOUS_MOVE = YES;
				CLANG_WARN_UNREACHABLE_CODE = YES;
				CLANG_WARN__DUPLICATE_METHOD_MATCH = YES;
				CODE_SIGN_IDENTITY = "-";
				COPY_PHASE_STRIP = NO;
				DEBUG_INFORMATION_FORMAT = dwarf;
				ENABLE_STRICT_OBJC_MSGSEND = YES;
				ENABLE_TESTABILITY = YES;
				GCC_C_LANGUAGE_STANDARD = gnu99;
				GCC_DYNAMIC_NO_PIC = NO;
				GCC_NO_COMMON_BLOCKS = YES;
				GCC_OPTIMIZATION_LEVEL = 0;
				GCC_PREPROCESSOR_DEFINITIONS = (
					"DEBUG=1",
					"$(inherited)",
				);
				GCC_WARN_64_TO_32_BIT_CONVERSION = YES;
				GCC_WARN_ABOUT_RETURN_TYPE = YES_ERROR;
				GCC_WARN_UNDECLARED_SELECTOR = YES;
				GCC_WARN_UNINITIALIZED_AUTOS = YES_AGGRESSIVE;
				GCC_WARN_UNUSED_FUNCTION = YES;
				GCC_WARN_UNUSED_VARIABLE = YES;
				MACOSX_DEPLOYMENT_TARGET = 10.12;
				MTL_ENABLE_DEBUG_INFO = YES;
				ONLY_ACTIVE_ARCH = YES;
				SDKROOT = macosx;
			};
			name = Debug;
		};
		AC1A6B5A1ECEC8B400FFAE1F /* Release */ = {
			isa = XCBuildConfiguration;
			buildSettings = {
				ALWAYS_SEARCH_USER_PATHS = NO;
				CLANG_ANALYZER_NONNULL = YES;
				CLANG_ANALYZER_NUMBER_OBJECT_CONVERSION = YES_AGGRESSIVE;
				CLANG_CXX_LANGUAGE_STANDARD = "gnu++0x";
				CLANG_CXX_LIBRARY = "libc++";
				CLANG_ENABLE_MODULES = YES;
				CLANG_ENABLE_OBJC_ARC = YES;
				CLANG_WARN_BOOL_CONVERSION = YES;
				CLANG_WARN_CONSTANT_CONVERSION = YES;
				CLANG_WARN_DIRECT_OBJC_ISA_USAGE = YES_ERROR;
				CLANG_WARN_DOCUMENTATION_COMMENTS = YES;
				CLANG_WARN_EMPTY_BODY = YES;
				CLANG_WARN_ENUM_CONVERSION = YES;
				CLANG_WARN_INFINITE_RECURSION = YES;
				CLANG_WARN_INT_CONVERSION = YES;
				CLANG_WARN_OBJC_ROOT_CLASS = YES_ERROR;
				CLANG_WARN_SUSPICIOUS_MOVE = YES;
				CLANG_WARN_UNREACHABLE_CODE = YES;
				CLANG_WARN__DUPLICATE_METHOD_MATCH = YES;
				CODE_SIGN_IDENTITY = "-";
				COPY_PHASE_STRIP = NO;
				DEBUG_INFORMATION_FORMAT = "dwarf-with-dsym";
				ENABLE_NS_ASSERTIONS = NO;
				ENABLE_STRICT_OBJC_MSGSEND = YES;
				GCC_C_LANGUAGE_STANDARD = gnu99;
				GCC_NO_COMMON_BLOCKS = YES;
				GCC_WARN_64_TO_32_BIT_CONVERSION = YES;
				GCC_WARN_ABOUT_RETURN_TYPE = YES_ERROR;
				GCC_WARN_UNDECLARED_SELECTOR = YES;
				GCC_WARN_UNINITIALIZED_AUTOS = YES_AGGRESSIVE;
				GCC_WARN_UNUSED_FUNCTION = YES;
				GCC_WARN_UNUSED_VARIABLE = YES;
				MACOSX_DEPLOYMENT_TARGET = 10.12;
				MTL_ENABLE_DEBUG_INFO = NO;
				SDKROOT = macosx;
			};
			name = Release;
		};
		AC1A6B5C1ECEC8B400FFAE1F /* Debug */ = {
			isa = XCBuildConfiguration;
			buildSettings = {
				HEADER_SEARCH_PATHS = (
					/usr/local/include/,
					/Users/gautham/.cbdepscache/,
				);
				LIBRARY_SEARCH_PATHS = (
					/usr/local/lib/,
					/Users/gautham/.cbdepscache/lib/,
				);
				OTHER_LDFLAGS = (
					"-lcouchbase",
					"-lv8",
				);
				PRODUCT_NAME = "$(TARGET_NAME)";
			};
			name = Debug;
		};
		AC1A6B5D1ECEC8B400FFAE1F /* Release */ = {
			isa = XCBuildConfiguration;
			buildSettings = {
				HEADER_SEARCH_PATHS = (
					/usr/local/include/,
					/Users/gautham/.cbdepscache/,
				);
				LIBRARY_SEARCH_PATHS = (
					/usr/local/lib/,
					/Users/gautham/.cbdepscache/lib/,
				);
				OTHER_LDFLAGS = (
					"-lcouchbase",
					"-lv8",
				);
				PRODUCT_NAME = "$(TARGET_NAME)";
			};
			name = Release;
		};
/* End XCBuildConfiguration section */

/* Begin XCConfigurationList section */
		AC0CBB1D1F04C1490000D398 /* Build configuration list for PBXNativeTarget "checkout" */ = {
			isa = XCConfigurationList;
			buildConfigurations = (
				AC0CBB1E1F04C1490000D398 /* Debug */,
				AC0CBB1F1F04C1490000D398 /* Release */,
			);
			defaultConfigurationIsVisible = 0;
		};
		AC1A6B4F1ECEC8B400FFAE1F /* Build configuration list for PBXProject "n1ql_js_v3" */ = {
			isa = XCConfigurationList;
			buildConfigurations = (
				AC1A6B591ECEC8B400FFAE1F /* Debug */,
				AC1A6B5A1ECEC8B400FFAE1F /* Release */,
			);
			defaultConfigurationIsVisible = 0;
			defaultConfigurationName = Release;
		};
		AC1A6B5B1ECEC8B400FFAE1F /* Build configuration list for PBXNativeTarget "n1ql_js_v3" */ = {
			isa = XCConfigurationList;
			buildConfigurations = (
				AC1A6B5C1ECEC8B400FFAE1F /* Debug */,
				AC1A6B5D1ECEC8B400FFAE1F /* Release */,
			);
			defaultConfigurationIsVisible = 0;
			defaultConfigurationName = Release;
		};
/* End XCConfigurationList section */
	};
	rootObject = AC1A6B4C1ECEC8B400FFAE1F /* Project object */;
}
