// !$*UTF8*$!
{
	archiveVersion = 1;
	classes = {
	};
	objectVersion = 46;
	objects = {

/* Begin PBXBuildFile section */
		AC10F4551F14829300792B1C /* libv8_base.a in Frameworks */ = {isa = PBXBuildFile; fileRef = AC7BE7FE1F136F5D003A36BA /* libv8_base.a */; };
		AC10F4561F14829300792B1C /* libv8_external_snapshot.a in Frameworks */ = {isa = PBXBuildFile; fileRef = AC7BE7FF1F136F5D003A36BA /* libv8_external_snapshot.a */; };
		AC10F4571F14829300792B1C /* libv8_libbase.a in Frameworks */ = {isa = PBXBuildFile; fileRef = AC7BE8001F136F5D003A36BA /* libv8_libbase.a */; };
		AC10F4581F14829300792B1C /* libv8_libplatform.a in Frameworks */ = {isa = PBXBuildFile; fileRef = AC7BE8011F136F5D003A36BA /* libv8_libplatform.a */; };
		AC10F4591F14829300792B1C /* libv8_libsampler.a in Frameworks */ = {isa = PBXBuildFile; fileRef = AC7BE8021F136F5D003A36BA /* libv8_libsampler.a */; };
		AC10F45A1F14829E00792B1C /* libicui18n.a in Frameworks */ = {isa = PBXBuildFile; fileRef = AC7BE8081F136F6C003A36BA /* libicui18n.a */; };
		AC10F45B1F14829E00792B1C /* libicuuc.a in Frameworks */ = {isa = PBXBuildFile; fileRef = AC7BE8091F136F6C003A36BA /* libicuuc.a */; };
		AC10F45C1F1482A900792B1C /* libinspector.a in Frameworks */ = {isa = PBXBuildFile; fileRef = AC7BE80C1F136F7E003A36BA /* libinspector.a */; };
		AC10F48D1F1482F600792B1C /* icudtl.dat in CopyFiles */ = {isa = PBXBuildFile; fileRef = AC7BE8101F137929003A36BA /* icudtl.dat */; };
		AC10F48E1F1482F600792B1C /* natives_blob.bin in CopyFiles */ = {isa = PBXBuildFile; fileRef = AC7BE8111F137929003A36BA /* natives_blob.bin */; };
		AC10F48F1F1482F600792B1C /* snapshot_blob.bin in CopyFiles */ = {isa = PBXBuildFile; fileRef = AC7BE8121F137929003A36BA /* snapshot_blob.bin */; };
		AC10F4941F148FE700792B1C /* n1ql.cpp in Sources */ = {isa = PBXBuildFile; fileRef = AC1A6B621ECEE71400FFAE1F /* n1ql.cpp */; };
		AC10F4951F148FE800792B1C /* transpiler.cpp in Sources */ = {isa = PBXBuildFile; fileRef = AC67C17A1ED56F9B00DC2A5E /* transpiler.cpp */; };
		AC1A6B581ECEC8B400FFAE1F /* main.cpp in Sources */ = {isa = PBXBuildFile; fileRef = AC1A6B571ECEC8B400FFAE1F /* main.cpp */; };
		AC1A6B641ECEE71400FFAE1F /* n1ql.cpp in Sources */ = {isa = PBXBuildFile; fileRef = AC1A6B621ECEE71400FFAE1F /* n1ql.cpp */; };
		AC1BD9651F0F4287008B16CA /* assert.cc in Sources */ = {isa = PBXBuildFile; fileRef = AC1BD9511F0F4256008B16CA /* assert.cc */; };
		AC1BD9661F0F4287008B16CA /* bucket.cc in Sources */ = {isa = PBXBuildFile; fileRef = AC1BD9521F0F4256008B16CA /* bucket.cc */; };
		AC1BD9671F0F4287008B16CA /* client.cc in Sources */ = {isa = PBXBuildFile; fileRef = AC1BD9531F0F4256008B16CA /* client.cc */; };
		AC1BD9681F0F4287008B16CA /* commands.cc in Sources */ = {isa = PBXBuildFile; fileRef = AC1BD9541F0F4256008B16CA /* commands.cc */; };
		AC1BD9691F0F4287008B16CA /* log.cc in Sources */ = {isa = PBXBuildFile; fileRef = AC1BD9551F0F4256008B16CA /* log.cc */; };
		AC1BD96A1F0F4287008B16CA /* message.cc in Sources */ = {isa = PBXBuildFile; fileRef = AC1BD9561F0F4256008B16CA /* message.cc */; };
		AC1BD96B1F0F4287008B16CA /* n1ql.cc in Sources */ = {isa = PBXBuildFile; fileRef = AC1BD9571F0F4256008B16CA /* n1ql.cc */; };
		AC1BD96C1F0F4287008B16CA /* parse_deployment.cc in Sources */ = {isa = PBXBuildFile; fileRef = AC1BD9581F0F4256008B16CA /* parse_deployment.cc */; };
		AC1BD96D1F0F4287008B16CA /* transpiler.cc in Sources */ = {isa = PBXBuildFile; fileRef = AC1BD9591F0F4256008B16CA /* transpiler.cc */; };
		AC1BD96E1F0F4287008B16CA /* v8worker.cc in Sources */ = {isa = PBXBuildFile; fileRef = AC1BD95A1F0F4256008B16CA /* v8worker.cc */; };
		AC55AB261F7CC2C00043E107 /* http_parser.cc in Sources */ = {isa = PBXBuildFile; fileRef = AC55AB251F7CC2BF0043E107 /* http_parser.cc */; };
		AC67C17B1ED56F9B00DC2A5E /* transpiler.cpp in Sources */ = {isa = PBXBuildFile; fileRef = AC67C17A1ED56F9B00DC2A5E /* transpiler.cpp */; };
		AC7BE7E51F136E20003A36BA /* main.cpp in Sources */ = {isa = PBXBuildFile; fileRef = AC7BE7E41F136E20003A36BA /* main.cpp */; };
		AC7BE7F71F136E56003A36BA /* inspector_agent.cc in Sources */ = {isa = PBXBuildFile; fileRef = AC7BE7ED1F136E55003A36BA /* inspector_agent.cc */; };
		AC7BE7F81F136E56003A36BA /* inspector_io.cc in Sources */ = {isa = PBXBuildFile; fileRef = AC7BE7EF1F136E55003A36BA /* inspector_io.cc */; };
		AC7BE7F91F136E56003A36BA /* inspector_socket_server.cc in Sources */ = {isa = PBXBuildFile; fileRef = AC7BE7F11F136E55003A36BA /* inspector_socket_server.cc */; };
		AC7BE7FA1F136E56003A36BA /* inspector_socket.cc in Sources */ = {isa = PBXBuildFile; fileRef = AC7BE7F31F136E55003A36BA /* inspector_socket.cc */; };
		AC7BE8031F136F5D003A36BA /* libv8_base.a in Frameworks */ = {isa = PBXBuildFile; fileRef = AC7BE7FE1F136F5D003A36BA /* libv8_base.a */; };
		AC7BE8041F136F5D003A36BA /* libv8_external_snapshot.a in Frameworks */ = {isa = PBXBuildFile; fileRef = AC7BE7FF1F136F5D003A36BA /* libv8_external_snapshot.a */; };
		AC7BE8051F136F5D003A36BA /* libv8_libbase.a in Frameworks */ = {isa = PBXBuildFile; fileRef = AC7BE8001F136F5D003A36BA /* libv8_libbase.a */; };
		AC7BE8061F136F5D003A36BA /* libv8_libplatform.a in Frameworks */ = {isa = PBXBuildFile; fileRef = AC7BE8011F136F5D003A36BA /* libv8_libplatform.a */; };
		AC7BE8071F136F5D003A36BA /* libv8_libsampler.a in Frameworks */ = {isa = PBXBuildFile; fileRef = AC7BE8021F136F5D003A36BA /* libv8_libsampler.a */; };
		AC7BE80A1F136F6C003A36BA /* libicui18n.a in Frameworks */ = {isa = PBXBuildFile; fileRef = AC7BE8081F136F6C003A36BA /* libicui18n.a */; };
		AC7BE80B1F136F6C003A36BA /* libicuuc.a in Frameworks */ = {isa = PBXBuildFile; fileRef = AC7BE8091F136F6C003A36BA /* libicuuc.a */; };
		AC7BE80D1F136F7E003A36BA /* libinspector.a in Frameworks */ = {isa = PBXBuildFile; fileRef = AC7BE80C1F136F7E003A36BA /* libinspector.a */; };
		AC7BE8131F137929003A36BA /* icudtl.dat in CopyFiles */ = {isa = PBXBuildFile; fileRef = AC7BE8101F137929003A36BA /* icudtl.dat */; };
		AC7BE8141F137929003A36BA /* natives_blob.bin in CopyFiles */ = {isa = PBXBuildFile; fileRef = AC7BE8111F137929003A36BA /* natives_blob.bin */; };
		AC7BE8151F137929003A36BA /* snapshot_blob.bin in CopyFiles */ = {isa = PBXBuildFile; fileRef = AC7BE8121F137929003A36BA /* snapshot_blob.bin */; };
		ACA4118D1F3AE6970073C207 /* assert.cc in Sources */ = {isa = PBXBuildFile; fileRef = ACA411801F3AE6970073C207 /* assert.cc */; };
		ACA4118E1F3AE6970073C207 /* bucket.cc in Sources */ = {isa = PBXBuildFile; fileRef = ACA411811F3AE6970073C207 /* bucket.cc */; };
		ACA4118F1F3AE6970073C207 /* client.cc in Sources */ = {isa = PBXBuildFile; fileRef = ACA411831F3AE6970073C207 /* client.cc */; };
		ACA411901F3AE6970073C207 /* commands.cc in Sources */ = {isa = PBXBuildFile; fileRef = ACA411841F3AE6970073C207 /* commands.cc */; };
		ACA411911F3AE6970073C207 /* log.cc in Sources */ = {isa = PBXBuildFile; fileRef = ACA411861F3AE6970073C207 /* log.cc */; };
		ACA411921F3AE6970073C207 /* message.cc in Sources */ = {isa = PBXBuildFile; fileRef = ACA411871F3AE6970073C207 /* message.cc */; };
		ACA411931F3AE6970073C207 /* n1ql.cc in Sources */ = {isa = PBXBuildFile; fileRef = ACA411881F3AE6970073C207 /* n1ql.cc */; };
		ACA411941F3AE6970073C207 /* parse_deployment.cc in Sources */ = {isa = PBXBuildFile; fileRef = ACA411891F3AE6970073C207 /* parse_deployment.cc */; };
		ACA411951F3AE6970073C207 /* transpiler.cc in Sources */ = {isa = PBXBuildFile; fileRef = ACA4118A1F3AE6970073C207 /* transpiler.cc */; };
		ACA411961F3AE6970073C207 /* v8worker.cc in Sources */ = {isa = PBXBuildFile; fileRef = ACA4118C1F3AE6970073C207 /* v8worker.cc */; };
		ACA411AC1F3AE8320073C207 /* bucket.cc in Sources */ = {isa = PBXBuildFile; fileRef = ACA411811F3AE6970073C207 /* bucket.cc */; };
		ACA411AD1F3AE8320073C207 /* client.cc in Sources */ = {isa = PBXBuildFile; fileRef = ACA411831F3AE6970073C207 /* client.cc */; };
		ACA411AE1F3AE8320073C207 /* commands.cc in Sources */ = {isa = PBXBuildFile; fileRef = ACA411841F3AE6970073C207 /* commands.cc */; };
		ACA411AF1F3AE8320073C207 /* log.cc in Sources */ = {isa = PBXBuildFile; fileRef = ACA411861F3AE6970073C207 /* log.cc */; };
		ACA411B01F3AE8320073C207 /* message.cc in Sources */ = {isa = PBXBuildFile; fileRef = ACA411871F3AE6970073C207 /* message.cc */; };
		ACA411B11F3AE8320073C207 /* n1ql.cc in Sources */ = {isa = PBXBuildFile; fileRef = ACA411881F3AE6970073C207 /* n1ql.cc */; };
		ACA411B21F3AE8320073C207 /* parse_deployment.cc in Sources */ = {isa = PBXBuildFile; fileRef = ACA411891F3AE6970073C207 /* parse_deployment.cc */; };
		ACA411B31F3AE8320073C207 /* transpiler.cc in Sources */ = {isa = PBXBuildFile; fileRef = ACA4118A1F3AE6970073C207 /* transpiler.cc */; };
		ACA411B41F3AE8320073C207 /* v8worker.cc in Sources */ = {isa = PBXBuildFile; fileRef = ACA4118C1F3AE6970073C207 /* v8worker.cc */; };
		ACDFF1E11F827F790020D804 /* jsify.cpp in Sources */ = {isa = PBXBuildFile; fileRef = ACDFF1E01F827F790020D804 /* jsify.cpp */; };
		ACDFF1E21F8281260020D804 /* jsify.cpp in Sources */ = {isa = PBXBuildFile; fileRef = ACDFF1E01F827F790020D804 /* jsify.cpp */; };
/* End PBXBuildFile section */

/* Begin PBXContainerItemProxy section */
		AC10F4901F1489B500792B1C /* PBXContainerItemProxy */ = {
			isa = PBXContainerItemProxy;
			containerPortal = AC1A6B4C1ECEC8B400FFAE1F /* Project object */;
			proxyType = 1;
			remoteGlobalIDString = AC1A6B531ECEC8B400FFAE1F;
			remoteInfo = n1ql_js_v3;
		};
/* End PBXContainerItemProxy section */

/* Begin PBXCopyFilesBuildPhase section */
		AC0CBB171F04C1490000D398 /* CopyFiles */ = {
			isa = PBXCopyFilesBuildPhase;
			buildActionMask = 2147483647;
			dstPath = /usr/share/man/man1/;
			dstSubfolderSpec = 0;
			files = (
			);
			runOnlyForDeploymentPostprocessing = 1;
		};
		AC1A6B521ECEC8B400FFAE1F /* CopyFiles */ = {
			isa = PBXCopyFilesBuildPhase;
			buildActionMask = 12;
			dstPath = "/Users/gautham/Library/Developer/Xcode/DerivedData/n1ql_js_v3-flnomyrequznwsddzhlkjviigurh/Build/Products/Debug";
			dstSubfolderSpec = 0;
			files = (
				AC10F48D1F1482F600792B1C /* icudtl.dat in CopyFiles */,
				AC10F48E1F1482F600792B1C /* natives_blob.bin in CopyFiles */,
				AC10F48F1F1482F600792B1C /* snapshot_blob.bin in CopyFiles */,
			);
			runOnlyForDeploymentPostprocessing = 0;
		};
		AC7BE7E01F136E20003A36BA /* CopyFiles */ = {
			isa = PBXCopyFilesBuildPhase;
			buildActionMask = 12;
			dstPath = "/Users/gautham/Library/Developer/Xcode/DerivedData/n1ql_js_v3-flnomyrequznwsddzhlkjviigurh/Build/Products/Debug";
			dstSubfolderSpec = 0;
			files = (
				AC7BE8131F137929003A36BA /* icudtl.dat in CopyFiles */,
				AC7BE8141F137929003A36BA /* natives_blob.bin in CopyFiles */,
				AC7BE8151F137929003A36BA /* snapshot_blob.bin in CopyFiles */,
			);
			runOnlyForDeploymentPostprocessing = 0;
		};
		ACA411A31F3AE7280073C207 /* CopyFiles */ = {
			isa = PBXCopyFilesBuildPhase;
			buildActionMask = 2147483647;
			dstPath = /usr/share/man/man1/;
			dstSubfolderSpec = 0;
			files = (
			);
			runOnlyForDeploymentPostprocessing = 1;
		};
/* End PBXCopyFilesBuildPhase section */

/* Begin PBXFileReference section */
		AC0CBB191F04C1490000D398 /* checkout */ = {isa = PBXFileReference; explicitFileType = "compiled.mach-o.executable"; includeInIndex = 0; path = checkout; sourceTree = BUILT_PRODUCTS_DIR; };
		AC10F45F1F1482AE00792B1C /* Console.o */ = {isa = PBXFileReference; lastKnownFileType = "compiled.mach-o.objfile"; path = Console.o; sourceTree = "<group>"; };
		AC10F4601F1482AE00792B1C /* Debugger.o */ = {isa = PBXFileReference; lastKnownFileType = "compiled.mach-o.objfile"; path = Debugger.o; sourceTree = "<group>"; };
		AC10F4611F1482AE00792B1C /* HeapProfiler.o */ = {isa = PBXFileReference; lastKnownFileType = "compiled.mach-o.objfile"; path = HeapProfiler.o; sourceTree = "<group>"; };
		AC10F4621F1482AE00792B1C /* injected-script-native.o */ = {isa = PBXFileReference; lastKnownFileType = "compiled.mach-o.objfile"; path = "injected-script-native.o"; sourceTree = "<group>"; };
		AC10F4631F1482AE00792B1C /* injected-script.o */ = {isa = PBXFileReference; lastKnownFileType = "compiled.mach-o.objfile"; path = "injected-script.o"; sourceTree = "<group>"; };
		AC10F4641F1482AE00792B1C /* inspected-context.o */ = {isa = PBXFileReference; lastKnownFileType = "compiled.mach-o.objfile"; path = "inspected-context.o"; sourceTree = "<group>"; };
		AC10F4651F1482AE00792B1C /* java-script-call-frame.o */ = {isa = PBXFileReference; lastKnownFileType = "compiled.mach-o.objfile"; path = "java-script-call-frame.o"; sourceTree = "<group>"; };
		AC10F4661F1482AE00792B1C /* Profiler.o */ = {isa = PBXFileReference; lastKnownFileType = "compiled.mach-o.objfile"; path = Profiler.o; sourceTree = "<group>"; };
		AC10F4671F1482AE00792B1C /* Protocol.o */ = {isa = PBXFileReference; lastKnownFileType = "compiled.mach-o.objfile"; path = Protocol.o; sourceTree = "<group>"; };
		AC10F4681F1482AE00792B1C /* remote-object-id.o */ = {isa = PBXFileReference; lastKnownFileType = "compiled.mach-o.objfile"; path = "remote-object-id.o"; sourceTree = "<group>"; };
		AC10F4691F1482AE00792B1C /* Runtime.o */ = {isa = PBXFileReference; lastKnownFileType = "compiled.mach-o.objfile"; path = Runtime.o; sourceTree = "<group>"; };
		AC10F46A1F1482AE00792B1C /* Schema.o */ = {isa = PBXFileReference; lastKnownFileType = "compiled.mach-o.objfile"; path = Schema.o; sourceTree = "<group>"; };
		AC10F46B1F1482AE00792B1C /* search-util.o */ = {isa = PBXFileReference; lastKnownFileType = "compiled.mach-o.objfile"; path = "search-util.o"; sourceTree = "<group>"; };
		AC10F46C1F1482AE00792B1C /* string-16.o */ = {isa = PBXFileReference; lastKnownFileType = "compiled.mach-o.objfile"; path = "string-16.o"; sourceTree = "<group>"; };
		AC10F46D1F1482AE00792B1C /* string-util.o */ = {isa = PBXFileReference; lastKnownFileType = "compiled.mach-o.objfile"; path = "string-util.o"; sourceTree = "<group>"; };
		AC10F46E1F1482AE00792B1C /* test-interface.o */ = {isa = PBXFileReference; lastKnownFileType = "compiled.mach-o.objfile"; path = "test-interface.o"; sourceTree = "<group>"; };
		AC10F46F1F1482AE00792B1C /* v8-console-agent-impl.o */ = {isa = PBXFileReference; lastKnownFileType = "compiled.mach-o.objfile"; path = "v8-console-agent-impl.o"; sourceTree = "<group>"; };
		AC10F4701F1482AE00792B1C /* v8-console-message.o */ = {isa = PBXFileReference; lastKnownFileType = "compiled.mach-o.objfile"; path = "v8-console-message.o"; sourceTree = "<group>"; };
		AC10F4711F1482AE00792B1C /* v8-console.o */ = {isa = PBXFileReference; lastKnownFileType = "compiled.mach-o.objfile"; path = "v8-console.o"; sourceTree = "<group>"; };
		AC10F4721F1482AE00792B1C /* v8-debugger-agent-impl.o */ = {isa = PBXFileReference; lastKnownFileType = "compiled.mach-o.objfile"; path = "v8-debugger-agent-impl.o"; sourceTree = "<group>"; };
		AC10F4731F1482AE00792B1C /* v8-debugger-script.o */ = {isa = PBXFileReference; lastKnownFileType = "compiled.mach-o.objfile"; path = "v8-debugger-script.o"; sourceTree = "<group>"; };
		AC10F4741F1482AE00792B1C /* v8-debugger.o */ = {isa = PBXFileReference; lastKnownFileType = "compiled.mach-o.objfile"; path = "v8-debugger.o"; sourceTree = "<group>"; };
		AC10F4751F1482AE00792B1C /* v8-function-call.o */ = {isa = PBXFileReference; lastKnownFileType = "compiled.mach-o.objfile"; path = "v8-function-call.o"; sourceTree = "<group>"; };
		AC10F4761F1482AE00792B1C /* v8-heap-profiler-agent-impl.o */ = {isa = PBXFileReference; lastKnownFileType = "compiled.mach-o.objfile"; path = "v8-heap-profiler-agent-impl.o"; sourceTree = "<group>"; };
		AC10F4771F1482AE00792B1C /* v8-injected-script-host.o */ = {isa = PBXFileReference; lastKnownFileType = "compiled.mach-o.objfile"; path = "v8-injected-script-host.o"; sourceTree = "<group>"; };
		AC10F4781F1482AE00792B1C /* v8-inspector-impl.o */ = {isa = PBXFileReference; lastKnownFileType = "compiled.mach-o.objfile"; path = "v8-inspector-impl.o"; sourceTree = "<group>"; };
		AC10F4791F1482AE00792B1C /* v8-inspector-session-impl.o */ = {isa = PBXFileReference; lastKnownFileType = "compiled.mach-o.objfile"; path = "v8-inspector-session-impl.o"; sourceTree = "<group>"; };
		AC10F47A1F1482AE00792B1C /* v8-internal-value-type.o */ = {isa = PBXFileReference; lastKnownFileType = "compiled.mach-o.objfile"; path = "v8-internal-value-type.o"; sourceTree = "<group>"; };
		AC10F47B1F1482AE00792B1C /* v8-profiler-agent-impl.o */ = {isa = PBXFileReference; lastKnownFileType = "compiled.mach-o.objfile"; path = "v8-profiler-agent-impl.o"; sourceTree = "<group>"; };
		AC10F47C1F1482AE00792B1C /* v8-regex.o */ = {isa = PBXFileReference; lastKnownFileType = "compiled.mach-o.objfile"; path = "v8-regex.o"; sourceTree = "<group>"; };
		AC10F47D1F1482AE00792B1C /* v8-runtime-agent-impl.o */ = {isa = PBXFileReference; lastKnownFileType = "compiled.mach-o.objfile"; path = "v8-runtime-agent-impl.o"; sourceTree = "<group>"; };
		AC10F47E1F1482AE00792B1C /* v8-schema-agent-impl.o */ = {isa = PBXFileReference; lastKnownFileType = "compiled.mach-o.objfile"; path = "v8-schema-agent-impl.o"; sourceTree = "<group>"; };
		AC10F47F1F1482AE00792B1C /* v8-stack-trace-impl.o */ = {isa = PBXFileReference; lastKnownFileType = "compiled.mach-o.objfile"; path = "v8-stack-trace-impl.o"; sourceTree = "<group>"; };
		AC10F4801F1482AE00792B1C /* v8-value-copier.o */ = {isa = PBXFileReference; lastKnownFileType = "compiled.mach-o.objfile"; path = "v8-value-copier.o"; sourceTree = "<group>"; };
		AC10F4811F1482AE00792B1C /* wasm-translation.o */ = {isa = PBXFileReference; lastKnownFileType = "compiled.mach-o.objfile"; path = "wasm-translation.o"; sourceTree = "<group>"; };
		AC10F4821F1482AE00792B1C /* inspector.inputdeps.stamp */ = {isa = PBXFileReference; lastKnownFileType = text; path = inspector.inputdeps.stamp; sourceTree = "<group>"; };
		AC10F4831F1482AE00792B1C /* inspector.ninja */ = {isa = PBXFileReference; lastKnownFileType = text; path = inspector.ninja; sourceTree = "<group>"; };
		AC10F4841F1482AE00792B1C /* inspector_debugger_script.inputdeps.stamp */ = {isa = PBXFileReference; lastKnownFileType = text; path = inspector_debugger_script.inputdeps.stamp; sourceTree = "<group>"; };
		AC10F4851F1482AE00792B1C /* inspector_debugger_script.stamp */ = {isa = PBXFileReference; lastKnownFileType = text; path = inspector_debugger_script.stamp; sourceTree = "<group>"; };
		AC10F4861F1482AE00792B1C /* inspector_injected_script.inputdeps.stamp */ = {isa = PBXFileReference; lastKnownFileType = text; path = inspector_injected_script.inputdeps.stamp; sourceTree = "<group>"; };
		AC10F4871F1482AE00792B1C /* inspector_injected_script.stamp */ = {isa = PBXFileReference; lastKnownFileType = text; path = inspector_injected_script.stamp; sourceTree = "<group>"; };
		AC10F4881F1482AE00792B1C /* libinspector.a */ = {isa = PBXFileReference; lastKnownFileType = archive.ar; path = libinspector.a; sourceTree = "<group>"; };
		AC10F4891F1482AE00792B1C /* protocol_compatibility.inputdeps.stamp */ = {isa = PBXFileReference; lastKnownFileType = text; path = protocol_compatibility.inputdeps.stamp; sourceTree = "<group>"; };
		AC10F48A1F1482AE00792B1C /* protocol_compatibility.stamp */ = {isa = PBXFileReference; lastKnownFileType = text; path = protocol_compatibility.stamp; sourceTree = "<group>"; };
		AC10F48B1F1482AE00792B1C /* protocol_generated_sources.inputdeps.stamp */ = {isa = PBXFileReference; lastKnownFileType = text; path = protocol_generated_sources.inputdeps.stamp; sourceTree = "<group>"; };
		AC10F48C1F1482AE00792B1C /* protocol_generated_sources.stamp */ = {isa = PBXFileReference; lastKnownFileType = text; path = protocol_generated_sources.stamp; sourceTree = "<group>"; };
		AC10F4B21F14C3D400792B1C /* source-map.js */ = {isa = PBXFileReference; fileEncoding = 4; lastKnownFileType = sourcecode.javascript; path = "source-map.js"; sourceTree = "<group>"; };
		AC1346731EFAC55600AC817B /* input2.js */ = {isa = PBXFileReference; lastKnownFileType = sourcecode.javascript; path = input2.js; sourceTree = "<group>"; };
		AC1A6B541ECEC8B400FFAE1F /* n1ql_js_v3 */ = {isa = PBXFileReference; explicitFileType = "compiled.mach-o.executable"; includeInIndex = 0; path = n1ql_js_v3; sourceTree = BUILT_PRODUCTS_DIR; };
		AC1A6B571ECEC8B400FFAE1F /* main.cpp */ = {isa = PBXFileReference; lastKnownFileType = sourcecode.cpp.cpp; path = main.cpp; sourceTree = "<group>"; };
		AC1A6B601ECECB2B00FFAE1F /* input1.js */ = {isa = PBXFileReference; lastKnownFileType = sourcecode.javascript; path = input1.js; sourceTree = "<group>"; };
		AC1A6B611ECECB8C00FFAE1F /* builtin.js */ = {isa = PBXFileReference; lastKnownFileType = sourcecode.javascript; path = builtin.js; sourceTree = "<group>"; };
		AC1A6B621ECEE71400FFAE1F /* n1ql.cpp */ = {isa = PBXFileReference; fileEncoding = 4; lastKnownFileType = sourcecode.cpp.cpp; path = n1ql.cpp; sourceTree = "<group>"; };
		AC1A6B631ECEE71400FFAE1F /* n1ql.hpp */ = {isa = PBXFileReference; fileEncoding = 4; lastKnownFileType = sourcecode.cpp.h; path = n1ql.hpp; sourceTree = "<group>"; };
		AC1BD9491F0F4216008B16CA /* bucket.h */ = {isa = PBXFileReference; fileEncoding = 4; lastKnownFileType = sourcecode.c.h; name = bucket.h; path = ../../couchbase/checkout/eventing/v8_consumer/include/bucket.h; sourceTree = "<group>"; };
		AC1BD94A1F0F4216008B16CA /* client.h */ = {isa = PBXFileReference; fileEncoding = 4; lastKnownFileType = sourcecode.c.h; name = client.h; path = ../../couchbase/checkout/eventing/v8_consumer/include/client.h; sourceTree = "<group>"; };
		AC1BD94B1F0F4216008B16CA /* commands.h */ = {isa = PBXFileReference; fileEncoding = 4; lastKnownFileType = sourcecode.c.h; name = commands.h; path = ../../couchbase/checkout/eventing/v8_consumer/include/commands.h; sourceTree = "<group>"; };
		AC1BD94C1F0F4216008B16CA /* log.h */ = {isa = PBXFileReference; fileEncoding = 4; lastKnownFileType = sourcecode.c.h; name = log.h; path = ../../couchbase/checkout/eventing/v8_consumer/include/log.h; sourceTree = "<group>"; };
		AC1BD94D1F0F4216008B16CA /* message.h */ = {isa = PBXFileReference; fileEncoding = 4; lastKnownFileType = sourcecode.c.h; name = message.h; path = ../../couchbase/checkout/eventing/v8_consumer/include/message.h; sourceTree = "<group>"; };
		AC1BD94E1F0F4216008B16CA /* n1ql.h */ = {isa = PBXFileReference; fileEncoding = 4; lastKnownFileType = sourcecode.c.h; name = n1ql.h; path = ../../couchbase/checkout/eventing/v8_consumer/include/n1ql.h; sourceTree = "<group>"; };
		AC1BD94F1F0F4216008B16CA /* parse_deployment.h */ = {isa = PBXFileReference; fileEncoding = 4; lastKnownFileType = sourcecode.c.h; name = parse_deployment.h; path = ../../couchbase/checkout/eventing/v8_consumer/include/parse_deployment.h; sourceTree = "<group>"; };
		AC1BD9501F0F4216008B16CA /* v8worker.h */ = {isa = PBXFileReference; fileEncoding = 4; lastKnownFileType = sourcecode.c.h; name = v8worker.h; path = ../../couchbase/checkout/eventing/v8_consumer/include/v8worker.h; sourceTree = "<group>"; };
		AC1BD9511F0F4256008B16CA /* assert.cc */ = {isa = PBXFileReference; fileEncoding = 4; lastKnownFileType = sourcecode.cpp.cpp; name = assert.cc; path = ../../couchbase/checkout/eventing/v8_consumer/src/assert.cc; sourceTree = "<group>"; };
		AC1BD9521F0F4256008B16CA /* bucket.cc */ = {isa = PBXFileReference; fileEncoding = 4; lastKnownFileType = sourcecode.cpp.cpp; name = bucket.cc; path = ../../couchbase/checkout/eventing/v8_consumer/src/bucket.cc; sourceTree = "<group>"; };
		AC1BD9531F0F4256008B16CA /* client.cc */ = {isa = PBXFileReference; fileEncoding = 4; lastKnownFileType = sourcecode.cpp.cpp; name = client.cc; path = ../../couchbase/checkout/eventing/v8_consumer/src/client.cc; sourceTree = "<group>"; };
		AC1BD9541F0F4256008B16CA /* commands.cc */ = {isa = PBXFileReference; fileEncoding = 4; lastKnownFileType = sourcecode.cpp.cpp; name = commands.cc; path = ../../couchbase/checkout/eventing/v8_consumer/src/commands.cc; sourceTree = "<group>"; };
		AC1BD9551F0F4256008B16CA /* log.cc */ = {isa = PBXFileReference; fileEncoding = 4; lastKnownFileType = sourcecode.cpp.cpp; name = log.cc; path = ../../couchbase/checkout/eventing/v8_consumer/src/log.cc; sourceTree = "<group>"; };
		AC1BD9561F0F4256008B16CA /* message.cc */ = {isa = PBXFileReference; fileEncoding = 4; lastKnownFileType = sourcecode.cpp.cpp; name = message.cc; path = ../../couchbase/checkout/eventing/v8_consumer/src/message.cc; sourceTree = "<group>"; };
		AC1BD9571F0F4256008B16CA /* n1ql.cc */ = {isa = PBXFileReference; fileEncoding = 4; lastKnownFileType = sourcecode.cpp.cpp; name = n1ql.cc; path = ../../couchbase/checkout/eventing/v8_consumer/src/n1ql.cc; sourceTree = "<group>"; };
		AC1BD9581F0F4256008B16CA /* parse_deployment.cc */ = {isa = PBXFileReference; fileEncoding = 4; lastKnownFileType = sourcecode.cpp.cpp; name = parse_deployment.cc; path = ../../couchbase/checkout/eventing/v8_consumer/src/parse_deployment.cc; sourceTree = "<group>"; };
		AC1BD9591F0F4256008B16CA /* transpiler.cc */ = {isa = PBXFileReference; fileEncoding = 4; lastKnownFileType = sourcecode.cpp.cpp; name = transpiler.cc; path = ../../couchbase/checkout/eventing/v8_consumer/src/transpiler.cc; sourceTree = "<group>"; };
		AC1BD95A1F0F4256008B16CA /* v8worker.cc */ = {isa = PBXFileReference; fileEncoding = 4; lastKnownFileType = sourcecode.cpp.cpp; name = v8worker.cc; path = ../../couchbase/checkout/eventing/v8_consumer/src/v8worker.cc; sourceTree = "<group>"; };
		AC3836571F208F48006E66A5 /* transpiler.js */ = {isa = PBXFileReference; fileEncoding = 4; lastKnownFileType = sourcecode.javascript; name = transpiler.js; path = ../../couchbase/checkout/eventing/v8_consumer/src/transpiler.js; sourceTree = "<group>"; };
		AC55AB251F7CC2BF0043E107 /* http_parser.cc */ = {isa = PBXFileReference; fileEncoding = 4; lastKnownFileType = sourcecode.cpp.cpp; name = http_parser.cc; path = ../../../v8inspector/http_parser.cc; sourceTree = "<group>"; };
		AC67C1791ED56EE600DC2A5E /* transpiler.js */ = {isa = PBXFileReference; lastKnownFileType = sourcecode.javascript; path = transpiler.js; sourceTree = "<group>"; };
		AC67C17A1ED56F9B00DC2A5E /* transpiler.cpp */ = {isa = PBXFileReference; fileEncoding = 4; lastKnownFileType = sourcecode.cpp.cpp; path = transpiler.cpp; sourceTree = "<group>"; };
		AC67C17D1ED5710600DC2A5E /* escodegen.js */ = {isa = PBXFileReference; fileEncoding = 4; lastKnownFileType = sourcecode.javascript; path = escodegen.js; sourceTree = "<group>"; };
		AC67C17E1ED5710600DC2A5E /* esprima.js */ = {isa = PBXFileReference; fileEncoding = 4; lastKnownFileType = sourcecode.javascript; path = esprima.js; sourceTree = "<group>"; };
		AC67C17F1ED5710600DC2A5E /* estraverse.js */ = {isa = PBXFileReference; fileEncoding = 4; lastKnownFileType = sourcecode.javascript; path = estraverse.js; sourceTree = "<group>"; };
		AC7BE7E21F136E20003A36BA /* debugger */ = {isa = PBXFileReference; explicitFileType = "compiled.mach-o.executable"; includeInIndex = 0; path = debugger; sourceTree = BUILT_PRODUCTS_DIR; };
		AC7BE7E41F136E20003A36BA /* main.cpp */ = {isa = PBXFileReference; lastKnownFileType = sourcecode.cpp.cpp; path = main.cpp; sourceTree = "<group>"; };
		AC7BE7EA1F136E55003A36BA /* base64.h */ = {isa = PBXFileReference; fileEncoding = 4; lastKnownFileType = sourcecode.c.h; name = base64.h; path = ../../../v8inspector/base64.h; sourceTree = "<group>"; };
		AC7BE7EC1F136E55003A36BA /* http_parser.h */ = {isa = PBXFileReference; fileEncoding = 4; lastKnownFileType = sourcecode.c.h; name = http_parser.h; path = ../../../v8inspector/http_parser.h; sourceTree = "<group>"; };
		AC7BE7ED1F136E55003A36BA /* inspector_agent.cc */ = {isa = PBXFileReference; fileEncoding = 4; lastKnownFileType = sourcecode.cpp.cpp; name = inspector_agent.cc; path = ../../../v8inspector/inspector_agent.cc; sourceTree = "<group>"; };
		AC7BE7EE1F136E55003A36BA /* inspector_agent.h */ = {isa = PBXFileReference; fileEncoding = 4; lastKnownFileType = sourcecode.c.h; name = inspector_agent.h; path = ../../../v8inspector/inspector_agent.h; sourceTree = "<group>"; };
		AC7BE7EF1F136E55003A36BA /* inspector_io.cc */ = {isa = PBXFileReference; fileEncoding = 4; lastKnownFileType = sourcecode.cpp.cpp; name = inspector_io.cc; path = ../../../v8inspector/inspector_io.cc; sourceTree = "<group>"; };
		AC7BE7F01F136E55003A36BA /* inspector_io.h */ = {isa = PBXFileReference; fileEncoding = 4; lastKnownFileType = sourcecode.c.h; name = inspector_io.h; path = ../../../v8inspector/inspector_io.h; sourceTree = "<group>"; };
		AC7BE7F11F136E55003A36BA /* inspector_socket_server.cc */ = {isa = PBXFileReference; fileEncoding = 4; lastKnownFileType = sourcecode.cpp.cpp; name = inspector_socket_server.cc; path = ../../../v8inspector/inspector_socket_server.cc; sourceTree = "<group>"; };
		AC7BE7F21F136E55003A36BA /* inspector_socket_server.h */ = {isa = PBXFileReference; fileEncoding = 4; lastKnownFileType = sourcecode.c.h; name = inspector_socket_server.h; path = ../../../v8inspector/inspector_socket_server.h; sourceTree = "<group>"; };
		AC7BE7F31F136E55003A36BA /* inspector_socket.cc */ = {isa = PBXFileReference; fileEncoding = 4; lastKnownFileType = sourcecode.cpp.cpp; name = inspector_socket.cc; path = ../../../v8inspector/inspector_socket.cc; sourceTree = "<group>"; };
		AC7BE7F41F136E55003A36BA /* inspector_socket.h */ = {isa = PBXFileReference; fileEncoding = 4; lastKnownFileType = sourcecode.c.h; name = inspector_socket.h; path = ../../../v8inspector/inspector_socket.h; sourceTree = "<group>"; };
		AC7BE7FE1F136F5D003A36BA /* libv8_base.a */ = {isa = PBXFileReference; lastKnownFileType = archive.ar; name = libv8_base.a; path = ../../v8/v8/out.gn/x64.release/obj/libv8_base.a; sourceTree = "<group>"; };
		AC7BE7FF1F136F5D003A36BA /* libv8_external_snapshot.a */ = {isa = PBXFileReference; lastKnownFileType = archive.ar; name = libv8_external_snapshot.a; path = ../../v8/v8/out.gn/x64.release/obj/libv8_external_snapshot.a; sourceTree = "<group>"; };
		AC7BE8001F136F5D003A36BA /* libv8_libbase.a */ = {isa = PBXFileReference; lastKnownFileType = archive.ar; name = libv8_libbase.a; path = ../../v8/v8/out.gn/x64.release/obj/libv8_libbase.a; sourceTree = "<group>"; };
		AC7BE8011F136F5D003A36BA /* libv8_libplatform.a */ = {isa = PBXFileReference; lastKnownFileType = archive.ar; name = libv8_libplatform.a; path = ../../v8/v8/out.gn/x64.release/obj/libv8_libplatform.a; sourceTree = "<group>"; };
		AC7BE8021F136F5D003A36BA /* libv8_libsampler.a */ = {isa = PBXFileReference; lastKnownFileType = archive.ar; name = libv8_libsampler.a; path = ../../v8/v8/out.gn/x64.release/obj/libv8_libsampler.a; sourceTree = "<group>"; };
		AC7BE8081F136F6C003A36BA /* libicui18n.a */ = {isa = PBXFileReference; lastKnownFileType = archive.ar; name = libicui18n.a; path = ../../v8/v8/out.gn/x64.release/obj/third_party/icu/libicui18n.a; sourceTree = "<group>"; };
		AC7BE8091F136F6C003A36BA /* libicuuc.a */ = {isa = PBXFileReference; lastKnownFileType = archive.ar; name = libicuuc.a; path = ../../v8/v8/out.gn/x64.release/obj/third_party/icu/libicuuc.a; sourceTree = "<group>"; };
		AC7BE80C1F136F7E003A36BA /* libinspector.a */ = {isa = PBXFileReference; lastKnownFileType = archive.ar; name = libinspector.a; path = ../../v8/v8/out.gn/x64.release/obj/src/inspector/libinspector.a; sourceTree = "<group>"; };
		AC7BE80F1F13729D003A36BA /* v8_inspector_protocol_json.h */ = {isa = PBXFileReference; fileEncoding = 4; lastKnownFileType = sourcecode.c.h; name = v8_inspector_protocol_json.h; path = ../../../v8inspector/v8_inspector_protocol_json.h; sourceTree = "<group>"; };
		AC7BE8101F137929003A36BA /* icudtl.dat */ = {isa = PBXFileReference; lastKnownFileType = file; name = icudtl.dat; path = ../../v8/v8/out.gn/x64.release/icudtl.dat; sourceTree = "<group>"; };
		AC7BE8111F137929003A36BA /* natives_blob.bin */ = {isa = PBXFileReference; lastKnownFileType = archive.macbinary; name = natives_blob.bin; path = ../../v8/v8/out.gn/x64.release/natives_blob.bin; sourceTree = "<group>"; };
		AC7BE8121F137929003A36BA /* snapshot_blob.bin */ = {isa = PBXFileReference; lastKnownFileType = archive.macbinary; name = snapshot_blob.bin; path = ../../v8/v8/out.gn/x64.release/snapshot_blob.bin; sourceTree = "<group>"; };
		ACA411801F3AE6970073C207 /* assert.cc */ = {isa = PBXFileReference; fileEncoding = 4; lastKnownFileType = sourcecode.cpp.cpp; name = assert.cc; path = ../../couchbase/enterprise/goproj/src/github.com/couchbase/eventing/v8_consumer/src/assert.cc; sourceTree = "<group>"; };
		ACA411811F3AE6970073C207 /* bucket.cc */ = {isa = PBXFileReference; fileEncoding = 4; lastKnownFileType = sourcecode.cpp.cpp; name = bucket.cc; path = ../../couchbase/enterprise/goproj/src/github.com/couchbase/eventing/v8_consumer/src/bucket.cc; sourceTree = "<group>"; };
		ACA411821F3AE6970073C207 /* builtin.js */ = {isa = PBXFileReference; fileEncoding = 4; lastKnownFileType = sourcecode.javascript; name = builtin.js; path = ../../couchbase/enterprise/goproj/src/github.com/couchbase/eventing/v8_consumer/src/builtin.js; sourceTree = "<group>"; };
		ACA411831F3AE6970073C207 /* client.cc */ = {isa = PBXFileReference; fileEncoding = 4; lastKnownFileType = sourcecode.cpp.cpp; name = client.cc; path = ../../couchbase/enterprise/goproj/src/github.com/couchbase/eventing/v8_consumer/src/client.cc; sourceTree = "<group>"; };
		ACA411841F3AE6970073C207 /* commands.cc */ = {isa = PBXFileReference; fileEncoding = 4; lastKnownFileType = sourcecode.cpp.cpp; name = commands.cc; path = ../../couchbase/enterprise/goproj/src/github.com/couchbase/eventing/v8_consumer/src/commands.cc; sourceTree = "<group>"; };
		ACA411851F3AE6970073C207 /* jsify.lex */ = {isa = PBXFileReference; fileEncoding = 4; lastKnownFileType = text; name = jsify.lex; path = ../../couchbase/enterprise/goproj/src/github.com/couchbase/eventing/v8_consumer/src/jsify.lex; sourceTree = "<group>"; };
		ACA411861F3AE6970073C207 /* log.cc */ = {isa = PBXFileReference; fileEncoding = 4; lastKnownFileType = sourcecode.cpp.cpp; name = log.cc; path = ../../couchbase/enterprise/goproj/src/github.com/couchbase/eventing/v8_consumer/src/log.cc; sourceTree = "<group>"; };
		ACA411871F3AE6970073C207 /* message.cc */ = {isa = PBXFileReference; fileEncoding = 4; lastKnownFileType = sourcecode.cpp.cpp; name = message.cc; path = ../../couchbase/enterprise/goproj/src/github.com/couchbase/eventing/v8_consumer/src/message.cc; sourceTree = "<group>"; };
		ACA411881F3AE6970073C207 /* n1ql.cc */ = {isa = PBXFileReference; fileEncoding = 4; lastKnownFileType = sourcecode.cpp.cpp; name = n1ql.cc; path = ../../couchbase/enterprise/goproj/src/github.com/couchbase/eventing/v8_consumer/src/n1ql.cc; sourceTree = "<group>"; };
		ACA411891F3AE6970073C207 /* parse_deployment.cc */ = {isa = PBXFileReference; fileEncoding = 4; lastKnownFileType = sourcecode.cpp.cpp; name = parse_deployment.cc; path = ../../couchbase/enterprise/goproj/src/github.com/couchbase/eventing/v8_consumer/src/parse_deployment.cc; sourceTree = "<group>"; };
		ACA4118A1F3AE6970073C207 /* transpiler.cc */ = {isa = PBXFileReference; fileEncoding = 4; lastKnownFileType = sourcecode.cpp.cpp; name = transpiler.cc; path = ../../couchbase/enterprise/goproj/src/github.com/couchbase/eventing/v8_consumer/src/transpiler.cc; sourceTree = "<group>"; };
		ACA4118B1F3AE6970073C207 /* transpiler.js */ = {isa = PBXFileReference; fileEncoding = 4; lastKnownFileType = sourcecode.javascript; name = transpiler.js; path = ../../couchbase/enterprise/goproj/src/github.com/couchbase/eventing/v8_consumer/src/transpiler.js; sourceTree = "<group>"; };
		ACA4118C1F3AE6970073C207 /* v8worker.cc */ = {isa = PBXFileReference; fileEncoding = 4; lastKnownFileType = sourcecode.cpp.cpp; name = v8worker.cc; path = ../../couchbase/enterprise/goproj/src/github.com/couchbase/eventing/v8_consumer/src/v8worker.cc; sourceTree = "<group>"; };
		ACA411991F3AE6FE0073C207 /* bucket.h */ = {isa = PBXFileReference; fileEncoding = 4; lastKnownFileType = sourcecode.c.h; name = bucket.h; path = ../../couchbase/enterprise/goproj/src/github.com/couchbase/eventing/v8_consumer/include/bucket.h; sourceTree = "<group>"; };
		ACA4119A1F3AE6FE0073C207 /* client.h */ = {isa = PBXFileReference; fileEncoding = 4; lastKnownFileType = sourcecode.c.h; name = client.h; path = ../../couchbase/enterprise/goproj/src/github.com/couchbase/eventing/v8_consumer/include/client.h; sourceTree = "<group>"; };
		ACA4119B1F3AE6FE0073C207 /* commands.h */ = {isa = PBXFileReference; fileEncoding = 4; lastKnownFileType = sourcecode.c.h; name = commands.h; path = ../../couchbase/enterprise/goproj/src/github.com/couchbase/eventing/v8_consumer/include/commands.h; sourceTree = "<group>"; };
		ACA4119C1F3AE6FE0073C207 /* log.h */ = {isa = PBXFileReference; fileEncoding = 4; lastKnownFileType = sourcecode.c.h; name = log.h; path = ../../couchbase/enterprise/goproj/src/github.com/couchbase/eventing/v8_consumer/include/log.h; sourceTree = "<group>"; };
		ACA4119D1F3AE6FE0073C207 /* message.h */ = {isa = PBXFileReference; fileEncoding = 4; lastKnownFileType = sourcecode.c.h; name = message.h; path = ../../couchbase/enterprise/goproj/src/github.com/couchbase/eventing/v8_consumer/include/message.h; sourceTree = "<group>"; };
		ACA4119E1F3AE6FE0073C207 /* n1ql.h */ = {isa = PBXFileReference; fileEncoding = 4; lastKnownFileType = sourcecode.c.h; name = n1ql.h; path = ../../couchbase/enterprise/goproj/src/github.com/couchbase/eventing/v8_consumer/include/n1ql.h; sourceTree = "<group>"; };
		ACA4119F1F3AE6FE0073C207 /* parse_deployment.h */ = {isa = PBXFileReference; fileEncoding = 4; lastKnownFileType = sourcecode.c.h; name = parse_deployment.h; path = ../../couchbase/enterprise/goproj/src/github.com/couchbase/eventing/v8_consumer/include/parse_deployment.h; sourceTree = "<group>"; };
		ACA411A01F3AE6FE0073C207 /* v8worker.h */ = {isa = PBXFileReference; fileEncoding = 4; lastKnownFileType = sourcecode.c.h; name = v8worker.h; path = ../../couchbase/enterprise/goproj/src/github.com/couchbase/eventing/v8_consumer/include/v8worker.h; sourceTree = "<group>"; };
		ACA411A51F3AE7280073C207 /* eventing */ = {isa = PBXFileReference; explicitFileType = "compiled.mach-o.executable"; includeInIndex = 0; path = eventing; sourceTree = BUILT_PRODUCTS_DIR; };
		ACAB6E921F1781DA00CDF261 /* input3.js */ = {isa = PBXFileReference; lastKnownFileType = sourcecode.javascript; path = input3.js; sourceTree = "<group>"; };
		ACAB6E931F17838100CDF261 /* input3.d.js */ = {isa = PBXFileReference; fileEncoding = 4; lastKnownFileType = sourcecode.javascript; path = input3.d.js; sourceTree = "<group>"; };
		ACAB6E941F17838100CDF261 /* input3.d.t.js */ = {isa = PBXFileReference; fileEncoding = 4; lastKnownFileType = sourcecode.javascript; path = input3.d.t.js; sourceTree = "<group>"; };
		ACAB6E951F17838100CDF261 /* input3.d.map.json */ = {isa = PBXFileReference; fileEncoding = 4; lastKnownFileType = text.json; path = input3.d.map.json; sourceTree = "<group>"; };
		ACDFF1E01F827F790020D804 /* jsify.cpp */ = {isa = PBXFileReference; fileEncoding = 4; lastKnownFileType = sourcecode.cpp.cpp; path = jsify.cpp; sourceTree = "<group>"; };
/* End PBXFileReference section */

/* Begin PBXFrameworksBuildPhase section */
		AC0CBB161F04C1490000D398 /* Frameworks */ = {
			isa = PBXFrameworksBuildPhase;
			buildActionMask = 2147483647;
			files = (
			);
			runOnlyForDeploymentPostprocessing = 0;
		};
		AC1A6B511ECEC8B400FFAE1F /* Frameworks */ = {
			isa = PBXFrameworksBuildPhase;
			buildActionMask = 2147483647;
			files = (
				AC10F4551F14829300792B1C /* libv8_base.a in Frameworks */,
				AC10F4561F14829300792B1C /* libv8_external_snapshot.a in Frameworks */,
				AC10F4571F14829300792B1C /* libv8_libbase.a in Frameworks */,
				AC10F4581F14829300792B1C /* libv8_libplatform.a in Frameworks */,
				AC10F45A1F14829E00792B1C /* libicui18n.a in Frameworks */,
				AC10F45C1F1482A900792B1C /* libinspector.a in Frameworks */,
				AC10F45B1F14829E00792B1C /* libicuuc.a in Frameworks */,
				AC10F4591F14829300792B1C /* libv8_libsampler.a in Frameworks */,
			);
			runOnlyForDeploymentPostprocessing = 0;
		};
		AC7BE7DF1F136E20003A36BA /* Frameworks */ = {
			isa = PBXFrameworksBuildPhase;
			buildActionMask = 2147483647;
			files = (
				AC7BE80A1F136F6C003A36BA /* libicui18n.a in Frameworks */,
				AC7BE80D1F136F7E003A36BA /* libinspector.a in Frameworks */,
				AC7BE80B1F136F6C003A36BA /* libicuuc.a in Frameworks */,
				AC7BE8031F136F5D003A36BA /* libv8_base.a in Frameworks */,
				AC7BE8041F136F5D003A36BA /* libv8_external_snapshot.a in Frameworks */,
				AC7BE8051F136F5D003A36BA /* libv8_libbase.a in Frameworks */,
				AC7BE8061F136F5D003A36BA /* libv8_libplatform.a in Frameworks */,
				AC7BE8071F136F5D003A36BA /* libv8_libsampler.a in Frameworks */,
			);
			runOnlyForDeploymentPostprocessing = 0;
		};
		ACA411A21F3AE7280073C207 /* Frameworks */ = {
			isa = PBXFrameworksBuildPhase;
			buildActionMask = 2147483647;
			files = (
			);
			runOnlyForDeploymentPostprocessing = 0;
		};
/* End PBXFrameworksBuildPhase section */

/* Begin PBXGroup section */
		AC0CBAF11F04C01F0000D398 /* checkout */ = {
			isa = PBXGroup;
			children = (
				AC1BD9481F0F41FF008B16CA /* include */,
				AC1BD9471F0F41F6008B16CA /* src */,
			);
			name = checkout;
			sourceTree = "<group>";
		};
		AC10F45D1F1482AE00792B1C /* inspector */ = {
			isa = PBXGroup;
			children = (
				AC10F45E1F1482AE00792B1C /* inspector */,
				AC10F4821F1482AE00792B1C /* inspector.inputdeps.stamp */,
				AC10F4831F1482AE00792B1C /* inspector.ninja */,
				AC10F4841F1482AE00792B1C /* inspector_debugger_script.inputdeps.stamp */,
				AC10F4851F1482AE00792B1C /* inspector_debugger_script.stamp */,
				AC10F4861F1482AE00792B1C /* inspector_injected_script.inputdeps.stamp */,
				AC10F4871F1482AE00792B1C /* inspector_injected_script.stamp */,
				AC10F4881F1482AE00792B1C /* libinspector.a */,
				AC10F4891F1482AE00792B1C /* protocol_compatibility.inputdeps.stamp */,
				AC10F48A1F1482AE00792B1C /* protocol_compatibility.stamp */,
				AC10F48B1F1482AE00792B1C /* protocol_generated_sources.inputdeps.stamp */,
				AC10F48C1F1482AE00792B1C /* protocol_generated_sources.stamp */,
			);
			name = inspector;
			path = ../../v8/v8/out.gn/x64.release/obj/src/inspector;
			sourceTree = "<group>";
		};
		AC10F45E1F1482AE00792B1C /* inspector */ = {
			isa = PBXGroup;
			children = (
				AC10F45F1F1482AE00792B1C /* Console.o */,
				AC10F4601F1482AE00792B1C /* Debugger.o */,
				AC10F4611F1482AE00792B1C /* HeapProfiler.o */,
				AC10F4621F1482AE00792B1C /* injected-script-native.o */,
				AC10F4631F1482AE00792B1C /* injected-script.o */,
				AC10F4641F1482AE00792B1C /* inspected-context.o */,
				AC10F4651F1482AE00792B1C /* java-script-call-frame.o */,
				AC10F4661F1482AE00792B1C /* Profiler.o */,
				AC10F4671F1482AE00792B1C /* Protocol.o */,
				AC10F4681F1482AE00792B1C /* remote-object-id.o */,
				AC10F4691F1482AE00792B1C /* Runtime.o */,
				AC10F46A1F1482AE00792B1C /* Schema.o */,
				AC10F46B1F1482AE00792B1C /* search-util.o */,
				AC10F46C1F1482AE00792B1C /* string-16.o */,
				AC10F46D1F1482AE00792B1C /* string-util.o */,
				AC10F46E1F1482AE00792B1C /* test-interface.o */,
				AC10F46F1F1482AE00792B1C /* v8-console-agent-impl.o */,
				AC10F4701F1482AE00792B1C /* v8-console-message.o */,
				AC10F4711F1482AE00792B1C /* v8-console.o */,
				AC10F4721F1482AE00792B1C /* v8-debugger-agent-impl.o */,
				AC10F4731F1482AE00792B1C /* v8-debugger-script.o */,
				AC10F4741F1482AE00792B1C /* v8-debugger.o */,
				AC10F4751F1482AE00792B1C /* v8-function-call.o */,
				AC10F4761F1482AE00792B1C /* v8-heap-profiler-agent-impl.o */,
				AC10F4771F1482AE00792B1C /* v8-injected-script-host.o */,
				AC10F4781F1482AE00792B1C /* v8-inspector-impl.o */,
				AC10F4791F1482AE00792B1C /* v8-inspector-session-impl.o */,
				AC10F47A1F1482AE00792B1C /* v8-internal-value-type.o */,
				AC10F47B1F1482AE00792B1C /* v8-profiler-agent-impl.o */,
				AC10F47C1F1482AE00792B1C /* v8-regex.o */,
				AC10F47D1F1482AE00792B1C /* v8-runtime-agent-impl.o */,
				AC10F47E1F1482AE00792B1C /* v8-schema-agent-impl.o */,
				AC10F47F1F1482AE00792B1C /* v8-stack-trace-impl.o */,
				AC10F4801F1482AE00792B1C /* v8-value-copier.o */,
				AC10F4811F1482AE00792B1C /* wasm-translation.o */,
			);
			path = inspector;
			sourceTree = "<group>";
		};
		AC10F4921F148D3800792B1C /* include */ = {
			isa = PBXGroup;
			children = (
				AC1A6B631ECEE71400FFAE1F /* n1ql.hpp */,
			);
			name = include;
			sourceTree = "<group>";
		};
		AC10F4931F148D4000792B1C /* src */ = {
			isa = PBXGroup;
			children = (
				ACDFF1E01F827F790020D804 /* jsify.cpp */,
				AC1A6B571ECEC8B400FFAE1F /* main.cpp */,
				AC1A6B611ECECB8C00FFAE1F /* builtin.js */,
				AC1A6B621ECEE71400FFAE1F /* n1ql.cpp */,
				AC67C1791ED56EE600DC2A5E /* transpiler.js */,
				AC67C17A1ED56F9B00DC2A5E /* transpiler.cpp */,
			);
			name = src;
			sourceTree = "<group>";
		};
		AC1A6B4B1ECEC8B400FFAE1F = {
			isa = PBXGroup;
			children = (
				ACA4117F1F3AE6500073C207 /* eventing */,
				AC7BE8101F137929003A36BA /* icudtl.dat */,
				AC7BE8111F137929003A36BA /* natives_blob.bin */,
				AC7BE8121F137929003A36BA /* snapshot_blob.bin */,
				AC0CBAF11F04C01F0000D398 /* checkout */,
				AC1A6B5F1ECECB1B00FFAE1F /* inputs */,
				AC1A6B561ECEC8B400FFAE1F /* n1ql_js_v3 */,
				AC7BE7E31F136E20003A36BA /* debugger */,
				AC1A6B551ECEC8B400FFAE1F /* Products */,
				AC7BE7FD1F136F5D003A36BA /* Frameworks */,
			);
			sourceTree = "<group>";
		};
		AC1A6B551ECEC8B400FFAE1F /* Products */ = {
			isa = PBXGroup;
			children = (
				AC1A6B541ECEC8B400FFAE1F /* n1ql_js_v3 */,
				AC0CBB191F04C1490000D398 /* checkout */,
				AC7BE7E21F136E20003A36BA /* debugger */,
				ACA411A51F3AE7280073C207 /* eventing */,
			);
			name = Products;
			sourceTree = "<group>";
		};
		AC1A6B561ECEC8B400FFAE1F /* n1ql_js_v3 */ = {
			isa = PBXGroup;
			children = (
				AC67C17C1ED570F500DC2A5E /* third_party */,
				AC10F4931F148D4000792B1C /* src */,
				AC10F4921F148D3800792B1C /* include */,
			);
			path = n1ql_js_v3;
			sourceTree = "<group>";
		};
		AC1A6B5F1ECECB1B00FFAE1F /* inputs */ = {
			isa = PBXGroup;
			children = (
				ACAB6E931F17838100CDF261 /* input3.d.js */,
				ACAB6E941F17838100CDF261 /* input3.d.t.js */,
				ACAB6E951F17838100CDF261 /* input3.d.map.json */,
				AC1A6B601ECECB2B00FFAE1F /* input1.js */,
				AC1346731EFAC55600AC817B /* input2.js */,
				ACAB6E921F1781DA00CDF261 /* input3.js */,
			);
			name = inputs;
			sourceTree = "<group>";
		};
		AC1BD9471F0F41F6008B16CA /* src */ = {
			isa = PBXGroup;
			children = (
				AC3836571F208F48006E66A5 /* transpiler.js */,
				AC1BD9511F0F4256008B16CA /* assert.cc */,
				AC1BD9521F0F4256008B16CA /* bucket.cc */,
				AC1BD9531F0F4256008B16CA /* client.cc */,
				AC1BD9541F0F4256008B16CA /* commands.cc */,
				AC1BD9551F0F4256008B16CA /* log.cc */,
				AC1BD9561F0F4256008B16CA /* message.cc */,
				AC1BD9571F0F4256008B16CA /* n1ql.cc */,
				AC1BD9581F0F4256008B16CA /* parse_deployment.cc */,
				AC1BD9591F0F4256008B16CA /* transpiler.cc */,
				AC1BD95A1F0F4256008B16CA /* v8worker.cc */,
			);
			name = src;
			sourceTree = "<group>";
		};
		AC1BD9481F0F41FF008B16CA /* include */ = {
			isa = PBXGroup;
			children = (
				AC1BD9491F0F4216008B16CA /* bucket.h */,
				AC1BD94A1F0F4216008B16CA /* client.h */,
				AC1BD94B1F0F4216008B16CA /* commands.h */,
				AC1BD94C1F0F4216008B16CA /* log.h */,
				AC1BD94D1F0F4216008B16CA /* message.h */,
				AC1BD94E1F0F4216008B16CA /* n1ql.h */,
				AC1BD94F1F0F4216008B16CA /* parse_deployment.h */,
				AC1BD9501F0F4216008B16CA /* v8worker.h */,
			);
			name = include;
			sourceTree = "<group>";
		};
		AC67C17C1ED570F500DC2A5E /* third_party */ = {
			isa = PBXGroup;
			children = (
				AC10F4B21F14C3D400792B1C /* source-map.js */,
				AC67C17D1ED5710600DC2A5E /* escodegen.js */,
				AC67C17E1ED5710600DC2A5E /* esprima.js */,
				AC67C17F1ED5710600DC2A5E /* estraverse.js */,
			);
			name = third_party;
			sourceTree = "<group>";
		};
		AC7BE7E31F136E20003A36BA /* debugger */ = {
			isa = PBXGroup;
			children = (
				AC7BE7FC1F136E8A003A36BA /* src */,
				AC7BE7FB1F136E81003A36BA /* include */,
			);
			path = debugger;
			sourceTree = "<group>";
		};
		AC7BE7FB1F136E81003A36BA /* include */ = {
			isa = PBXGroup;
			children = (
				AC7BE80F1F13729D003A36BA /* v8_inspector_protocol_json.h */,
				AC7BE7EA1F136E55003A36BA /* base64.h */,
				AC7BE7EC1F136E55003A36BA /* http_parser.h */,
				AC7BE7EE1F136E55003A36BA /* inspector_agent.h */,
				AC7BE7F01F136E55003A36BA /* inspector_io.h */,
				AC7BE7F21F136E55003A36BA /* inspector_socket_server.h */,
				AC7BE7F41F136E55003A36BA /* inspector_socket.h */,
			);
			name = include;
			sourceTree = "<group>";
		};
		AC7BE7FC1F136E8A003A36BA /* src */ = {
			isa = PBXGroup;
			children = (
				AC55AB251F7CC2BF0043E107 /* http_parser.cc */,
				AC7BE7ED1F136E55003A36BA /* inspector_agent.cc */,
				AC7BE7EF1F136E55003A36BA /* inspector_io.cc */,
				AC7BE7F11F136E55003A36BA /* inspector_socket_server.cc */,
				AC7BE7F31F136E55003A36BA /* inspector_socket.cc */,
				AC7BE7E41F136E20003A36BA /* main.cpp */,
			);
			name = src;
			sourceTree = "<group>";
		};
		AC7BE7FD1F136F5D003A36BA /* Frameworks */ = {
			isa = PBXGroup;
			children = (
				AC10F45D1F1482AE00792B1C /* inspector */,
				AC7BE80C1F136F7E003A36BA /* libinspector.a */,
				AC7BE8081F136F6C003A36BA /* libicui18n.a */,
				AC7BE8091F136F6C003A36BA /* libicuuc.a */,
				AC7BE7FE1F136F5D003A36BA /* libv8_base.a */,
				AC7BE7FF1F136F5D003A36BA /* libv8_external_snapshot.a */,
				AC7BE8001F136F5D003A36BA /* libv8_libbase.a */,
				AC7BE8011F136F5D003A36BA /* libv8_libplatform.a */,
				AC7BE8021F136F5D003A36BA /* libv8_libsampler.a */,
			);
			name = Frameworks;
			sourceTree = "<group>";
		};
		ACA4117F1F3AE6500073C207 /* eventing */ = {
			isa = PBXGroup;
			children = (
				ACA411981F3AE6AC0073C207 /* include */,
				ACA411971F3AE69D0073C207 /* src */,
			);
			name = eventing;
			sourceTree = "<group>";
		};
		ACA411971F3AE69D0073C207 /* src */ = {
			isa = PBXGroup;
			children = (
				ACA411801F3AE6970073C207 /* assert.cc */,
				ACA411811F3AE6970073C207 /* bucket.cc */,
				ACA411821F3AE6970073C207 /* builtin.js */,
				ACA411831F3AE6970073C207 /* client.cc */,
				ACA411841F3AE6970073C207 /* commands.cc */,
				ACA411851F3AE6970073C207 /* jsify.lex */,
				ACA411861F3AE6970073C207 /* log.cc */,
				ACA411871F3AE6970073C207 /* message.cc */,
				ACA411881F3AE6970073C207 /* n1ql.cc */,
				ACA411891F3AE6970073C207 /* parse_deployment.cc */,
				ACA4118A1F3AE6970073C207 /* transpiler.cc */,
				ACA4118B1F3AE6970073C207 /* transpiler.js */,
				ACA4118C1F3AE6970073C207 /* v8worker.cc */,
			);
			name = src;
			sourceTree = "<group>";
		};
		ACA411981F3AE6AC0073C207 /* include */ = {
			isa = PBXGroup;
			children = (
				ACA411991F3AE6FE0073C207 /* bucket.h */,
				ACA4119A1F3AE6FE0073C207 /* client.h */,
				ACA4119B1F3AE6FE0073C207 /* commands.h */,
				ACA4119C1F3AE6FE0073C207 /* log.h */,
				ACA4119D1F3AE6FE0073C207 /* message.h */,
				ACA4119E1F3AE6FE0073C207 /* n1ql.h */,
				ACA4119F1F3AE6FE0073C207 /* parse_deployment.h */,
				ACA411A01F3AE6FE0073C207 /* v8worker.h */,
			);
			name = include;
			sourceTree = "<group>";
		};
/* End PBXGroup section */

/* Begin PBXNativeTarget section */
		AC0CBB181F04C1490000D398 /* checkout */ = {
			isa = PBXNativeTarget;
			buildConfigurationList = AC0CBB1D1F04C1490000D398 /* Build configuration list for PBXNativeTarget "checkout" */;
			buildPhases = (
				AC0CBB151F04C1490000D398 /* Sources */,
				AC0CBB161F04C1490000D398 /* Frameworks */,
				AC0CBB171F04C1490000D398 /* CopyFiles */,
			);
			buildRules = (
			);
			dependencies = (
			);
			name = checkout;
			productName = checkout;
			productReference = AC0CBB191F04C1490000D398 /* checkout */;
			productType = "com.apple.product-type.tool";
		};
		AC1A6B531ECEC8B400FFAE1F /* n1ql_js_v3 */ = {
			isa = PBXNativeTarget;
			buildConfigurationList = AC1A6B5B1ECEC8B400FFAE1F /* Build configuration list for PBXNativeTarget "n1ql_js_v3" */;
			buildPhases = (
				AC1A6B501ECEC8B400FFAE1F /* Sources */,
				AC1A6B511ECEC8B400FFAE1F /* Frameworks */,
				AC1A6B521ECEC8B400FFAE1F /* CopyFiles */,
			);
			buildRules = (
			);
			dependencies = (
			);
			name = n1ql_js_v3;
			productName = n1ql_js_v3;
			productReference = AC1A6B541ECEC8B400FFAE1F /* n1ql_js_v3 */;
			productType = "com.apple.product-type.tool";
		};
		AC7BE7E11F136E20003A36BA /* debugger */ = {
			isa = PBXNativeTarget;
			buildConfigurationList = AC7BE7E61F136E20003A36BA /* Build configuration list for PBXNativeTarget "debugger" */;
			buildPhases = (
				AC7BE7DE1F136E20003A36BA /* Sources */,
				AC7BE7DF1F136E20003A36BA /* Frameworks */,
				AC7BE7E01F136E20003A36BA /* CopyFiles */,
			);
			buildRules = (
			);
			dependencies = (
				AC10F4911F1489B500792B1C /* PBXTargetDependency */,
			);
			name = debugger;
			productName = debugger;
			productReference = AC7BE7E21F136E20003A36BA /* debugger */;
			productType = "com.apple.product-type.tool";
		};
		ACA411A41F3AE7280073C207 /* eventing */ = {
			isa = PBXNativeTarget;
			buildConfigurationList = ACA411A91F3AE7280073C207 /* Build configuration list for PBXNativeTarget "eventing" */;
			buildPhases = (
				ACA411A11F3AE7280073C207 /* Sources */,
				ACA411A21F3AE7280073C207 /* Frameworks */,
				ACA411A31F3AE7280073C207 /* CopyFiles */,
			);
			buildRules = (
			);
			dependencies = (
			);
			name = eventing;
			productName = eventing;
			productReference = ACA411A51F3AE7280073C207 /* eventing */;
			productType = "com.apple.product-type.tool";
		};
/* End PBXNativeTarget section */

/* Begin PBXProject section */
		AC1A6B4C1ECEC8B400FFAE1F /* Project object */ = {
			isa = PBXProject;
			attributes = {
				LastUpgradeCheck = 0830;
				ORGANIZATIONNAME = Couchbase;
				TargetAttributes = {
					AC0CBB181F04C1490000D398 = {
						CreatedOnToolsVersion = 8.3.3;
						ProvisioningStyle = Automatic;
					};
					AC1A6B531ECEC8B400FFAE1F = {
						CreatedOnToolsVersion = 8.3.2;
						ProvisioningStyle = Automatic;
					};
					AC7BE7E11F136E20003A36BA = {
						CreatedOnToolsVersion = 8.3.3;
						ProvisioningStyle = Automatic;
					};
					ACA411A41F3AE7280073C207 = {
						CreatedOnToolsVersion = 8.3.3;
						ProvisioningStyle = Automatic;
					};
				};
			};
			buildConfigurationList = AC1A6B4F1ECEC8B400FFAE1F /* Build configuration list for PBXProject "n1ql_js_v3" */;
			compatibilityVersion = "Xcode 3.2";
			developmentRegion = English;
			hasScannedForEncodings = 0;
			knownRegions = (
				en,
			);
			mainGroup = AC1A6B4B1ECEC8B400FFAE1F;
			productRefGroup = AC1A6B551ECEC8B400FFAE1F /* Products */;
			projectDirPath = "";
			projectRoot = "";
			targets = (
				AC0CBB181F04C1490000D398 /* checkout */,
				AC7BE7E11F136E20003A36BA /* debugger */,
				AC1A6B531ECEC8B400FFAE1F /* n1ql_js_v3 */,
				ACA411A41F3AE7280073C207 /* eventing */,
			);
		};
/* End PBXProject section */

/* Begin PBXSourcesBuildPhase section */
		AC0CBB151F04C1490000D398 /* Sources */ = {
			isa = PBXSourcesBuildPhase;
			buildActionMask = 2147483647;
			files = (
				ACA411911F3AE6970073C207 /* log.cc in Sources */,
				AC1BD9651F0F4287008B16CA /* assert.cc in Sources */,
				ACA411901F3AE6970073C207 /* commands.cc in Sources */,
				ACA411921F3AE6970073C207 /* message.cc in Sources */,
				AC1BD9661F0F4287008B16CA /* bucket.cc in Sources */,
				ACA411951F3AE6970073C207 /* transpiler.cc in Sources */,
				ACA4118F1F3AE6970073C207 /* client.cc in Sources */,
				ACA411931F3AE6970073C207 /* n1ql.cc in Sources */,
				AC1BD9671F0F4287008B16CA /* client.cc in Sources */,
				AC1BD9681F0F4287008B16CA /* commands.cc in Sources */,
				AC1BD9691F0F4287008B16CA /* log.cc in Sources */,
				ACA411941F3AE6970073C207 /* parse_deployment.cc in Sources */,
				AC1BD96A1F0F4287008B16CA /* message.cc in Sources */,
				ACA4118D1F3AE6970073C207 /* assert.cc in Sources */,
				AC1BD96B1F0F4287008B16CA /* n1ql.cc in Sources */,
				ACA411961F3AE6970073C207 /* v8worker.cc in Sources */,
				AC1BD96C1F0F4287008B16CA /* parse_deployment.cc in Sources */,
				AC1BD96D1F0F4287008B16CA /* transpiler.cc in Sources */,
				AC1BD96E1F0F4287008B16CA /* v8worker.cc in Sources */,
				ACA4118E1F3AE6970073C207 /* bucket.cc in Sources */,
			);
			runOnlyForDeploymentPostprocessing = 0;
		};
		AC1A6B501ECEC8B400FFAE1F /* Sources */ = {
			isa = PBXSourcesBuildPhase;
			buildActionMask = 2147483647;
			files = (
				AC1A6B581ECEC8B400FFAE1F /* main.cpp in Sources */,
				AC1A6B641ECEE71400FFAE1F /* n1ql.cpp in Sources */,
				AC67C17B1ED56F9B00DC2A5E /* transpiler.cpp in Sources */,
				ACDFF1E11F827F790020D804 /* jsify.cpp in Sources */,
			);
			runOnlyForDeploymentPostprocessing = 0;
		};
		AC7BE7DE1F136E20003A36BA /* Sources */ = {
			isa = PBXSourcesBuildPhase;
			buildActionMask = 2147483647;
			files = (
				AC7BE7E51F136E20003A36BA /* main.cpp in Sources */,
				AC7BE7F91F136E56003A36BA /* inspector_socket_server.cc in Sources */,
				AC10F4941F148FE700792B1C /* n1ql.cpp in Sources */,
				AC7BE7FA1F136E56003A36BA /* inspector_socket.cc in Sources */,
				AC10F4951F148FE800792B1C /* transpiler.cpp in Sources */,
				AC7BE7F81F136E56003A36BA /* inspector_io.cc in Sources */,
				AC55AB261F7CC2C00043E107 /* http_parser.cc in Sources */,
				ACDFF1E21F8281260020D804 /* jsify.cpp in Sources */,
				AC7BE7F71F136E56003A36BA /* inspector_agent.cc in Sources */,
			);
			runOnlyForDeploymentPostprocessing = 0;
		};
		ACA411A11F3AE7280073C207 /* Sources */ = {
			isa = PBXSourcesBuildPhase;
			buildActionMask = 2147483647;
			files = (
				ACA411AC1F3AE8320073C207 /* bucket.cc in Sources */,
				ACA411AD1F3AE8320073C207 /* client.cc in Sources */,
				ACA411AE1F3AE8320073C207 /* commands.cc in Sources */,
				ACA411AF1F3AE8320073C207 /* log.cc in Sources */,
				ACA411B01F3AE8320073C207 /* message.cc in Sources */,
				ACA411B11F3AE8320073C207 /* n1ql.cc in Sources */,
				ACA411B21F3AE8320073C207 /* parse_deployment.cc in Sources */,
				ACA411B31F3AE8320073C207 /* transpiler.cc in Sources */,
				ACA411B41F3AE8320073C207 /* v8worker.cc in Sources */,
			);
			runOnlyForDeploymentPostprocessing = 0;
		};
/* End PBXSourcesBuildPhase section */

/* Begin PBXTargetDependency section */
		AC10F4911F1489B500792B1C /* PBXTargetDependency */ = {
			isa = PBXTargetDependency;
			target = AC1A6B531ECEC8B400FFAE1F /* n1ql_js_v3 */;
			targetProxy = AC10F4901F1489B500792B1C /* PBXContainerItemProxy */;
		};
/* End PBXTargetDependency section */

/* Begin XCBuildConfiguration section */
		AC0CBB1E1F04C1490000D398 /* Debug */ = {
			isa = XCBuildConfiguration;
			buildSettings = {
				HEADER_SEARCH_PATHS = (
					/usr/local/include/,
					/Users/gautham/.cbdepscache/,
				);
				LIBRARY_SEARCH_PATHS = (
					/usr/local/lib/,
					/Users/gautham/.cbdepscache/lib/,
				);
				PRODUCT_NAME = "$(TARGET_NAME)";
			};
			name = Debug;
		};
		AC0CBB1F1F04C1490000D398 /* Release */ = {
			isa = XCBuildConfiguration;
			buildSettings = {
				HEADER_SEARCH_PATHS = (
					/usr/local/include/,
					/Users/gautham/.cbdepscache/,
				);
				LIBRARY_SEARCH_PATHS = (
					/usr/local/lib/,
					/Users/gautham/.cbdepscache/lib/,
				);
				PRODUCT_NAME = "$(TARGET_NAME)";
			};
			name = Release;
		};
		AC1A6B591ECEC8B400FFAE1F /* Debug */ = {
			isa = XCBuildConfiguration;
			buildSettings = {
				ALWAYS_SEARCH_USER_PATHS = NO;
				CLANG_ANALYZER_NONNULL = YES;
				CLANG_ANALYZER_NUMBER_OBJECT_CONVERSION = YES_AGGRESSIVE;
				CLANG_CXX_LANGUAGE_STANDARD = "gnu++0x";
				CLANG_CXX_LIBRARY = "libc++";
				CLANG_ENABLE_MODULES = YES;
				CLANG_ENABLE_OBJC_ARC = YES;
				CLANG_WARN_BOOL_CONVERSION = YES;
				CLANG_WARN_CONSTANT_CONVERSION = YES;
				CLANG_WARN_DIRECT_OBJC_ISA_USAGE = YES_ERROR;
				CLANG_WARN_DOCUMENTATION_COMMENTS = YES;
				CLANG_WARN_EMPTY_BODY = YES;
				CLANG_WARN_ENUM_CONVERSION = YES;
				CLANG_WARN_INFINITE_RECURSION = YES;
				CLANG_WARN_INT_CONVERSION = YES;
				CLANG_WARN_OBJC_ROOT_CLASS = YES_ERROR;
				CLANG_WARN_SUSPICIOUS_MOVE = YES;
				CLANG_WARN_UNREACHABLE_CODE = YES;
				CLANG_WARN__DUPLICATE_METHOD_MATCH = YES;
				CODE_SIGN_IDENTITY = "-";
				COPY_PHASE_STRIP = NO;
				DEBUG_INFORMATION_FORMAT = dwarf;
				ENABLE_STRICT_OBJC_MSGSEND = YES;
				ENABLE_TESTABILITY = YES;
				GCC_C_LANGUAGE_STANDARD = gnu99;
				GCC_DYNAMIC_NO_PIC = NO;
				GCC_NO_COMMON_BLOCKS = YES;
				GCC_OPTIMIZATION_LEVEL = 0;
				GCC_PREPROCESSOR_DEFINITIONS = (
					"DEBUG=1",
					"$(inherited)",
				);
				GCC_WARN_64_TO_32_BIT_CONVERSION = YES;
				GCC_WARN_ABOUT_RETURN_TYPE = YES_ERROR;
				GCC_WARN_UNDECLARED_SELECTOR = YES;
				GCC_WARN_UNINITIALIZED_AUTOS = YES_AGGRESSIVE;
				GCC_WARN_UNUSED_FUNCTION = YES;
				GCC_WARN_UNUSED_VARIABLE = YES;
				MACOSX_DEPLOYMENT_TARGET = 10.12;
				MTL_ENABLE_DEBUG_INFO = YES;
				ONLY_ACTIVE_ARCH = YES;
				SDKROOT = macosx;
			};
			name = Debug;
		};
		AC1A6B5A1ECEC8B400FFAE1F /* Release */ = {
			isa = XCBuildConfiguration;
			buildSettings = {
				ALWAYS_SEARCH_USER_PATHS = NO;
				CLANG_ANALYZER_NONNULL = YES;
				CLANG_ANALYZER_NUMBER_OBJECT_CONVERSION = YES_AGGRESSIVE;
				CLANG_CXX_LANGUAGE_STANDARD = "gnu++0x";
				CLANG_CXX_LIBRARY = "libc++";
				CLANG_ENABLE_MODULES = YES;
				CLANG_ENABLE_OBJC_ARC = YES;
				CLANG_WARN_BOOL_CONVERSION = YES;
				CLANG_WARN_CONSTANT_CONVERSION = YES;
				CLANG_WARN_DIRECT_OBJC_ISA_USAGE = YES_ERROR;
				CLANG_WARN_DOCUMENTATION_COMMENTS = YES;
				CLANG_WARN_EMPTY_BODY = YES;
				CLANG_WARN_ENUM_CONVERSION = YES;
				CLANG_WARN_INFINITE_RECURSION = YES;
				CLANG_WARN_INT_CONVERSION = YES;
				CLANG_WARN_OBJC_ROOT_CLASS = YES_ERROR;
				CLANG_WARN_SUSPICIOUS_MOVE = YES;
				CLANG_WARN_UNREACHABLE_CODE = YES;
				CLANG_WARN__DUPLICATE_METHOD_MATCH = YES;
				CODE_SIGN_IDENTITY = "-";
				COPY_PHASE_STRIP = NO;
				DEBUG_INFORMATION_FORMAT = "dwarf-with-dsym";
				ENABLE_NS_ASSERTIONS = NO;
				ENABLE_STRICT_OBJC_MSGSEND = YES;
				GCC_C_LANGUAGE_STANDARD = gnu99;
				GCC_NO_COMMON_BLOCKS = YES;
				GCC_WARN_64_TO_32_BIT_CONVERSION = YES;
				GCC_WARN_ABOUT_RETURN_TYPE = YES_ERROR;
				GCC_WARN_UNDECLARED_SELECTOR = YES;
				GCC_WARN_UNINITIALIZED_AUTOS = YES_AGGRESSIVE;
				GCC_WARN_UNUSED_FUNCTION = YES;
				GCC_WARN_UNUSED_VARIABLE = YES;
				MACOSX_DEPLOYMENT_TARGET = 10.12;
				MTL_ENABLE_DEBUG_INFO = NO;
				SDKROOT = macosx;
			};
			name = Release;
		};
		AC1A6B5C1ECEC8B400FFAE1F /* Debug */ = {
			isa = XCBuildConfiguration;
			buildSettings = {
				HEADER_SEARCH_PATHS = (
					"~/projects/github/v8/v8",
					"~/projects/github/v8/v8/include",
					/usr/local/include,
					"~/projects/github/v8/v8/third_party/icu/source/common",
				);
				LIBRARY_SEARCH_PATHS = (
					"~/projects/github/v8/v8/out.gn/x64.release/obj/",
					"~/projects/github/v8/v8/out.gn/x64.release/obj/src/inspector/",
					"~/projects/github/v8/v8/out.gn/x64.release/obj/third_party/icu/",
					/usr/local/lib,
				);
				OTHER_LDFLAGS = (
					"-luv",
					"-lz",
					"-lcrypto",
					"-lcouchbase",
				);
				PRODUCT_NAME = "$(TARGET_NAME)";
			};
			name = Debug;
		};
		AC1A6B5D1ECEC8B400FFAE1F /* Release */ = {
			isa = XCBuildConfiguration;
			buildSettings = {
				HEADER_SEARCH_PATHS = (
					"~/projects/github/v8/v8",
					"~/projects/github/v8/v8/include",
					/usr/local/include,
					"~/projects/github/v8/v8/third_party/icu/source/common",
				);
				LIBRARY_SEARCH_PATHS = (
					"~/projects/github/v8/v8/out.gn/x64.release/obj/",
					"~/projects/github/v8/v8/out.gn/x64.release/obj/src/inspector/",
					"~/projects/github/v8/v8/out.gn/x64.release/obj/third_party/icu/",
					/usr/local/lib,
				);
				OTHER_LDFLAGS = (
					"-luv",
					"-lz",
					"-lcrypto",
					"-lcouchbase",
				);
				PRODUCT_NAME = "$(TARGET_NAME)";
			};
			name = Release;
		};
		AC7BE7E71F136E20003A36BA /* Debug */ = {
			isa = XCBuildConfiguration;
			buildSettings = {
				HEADER_SEARCH_PATHS = (
					"~/projects/github/v8/v8",
					"~/projects/github/v8/v8/include",
					/usr/local/include,
					"~/projects/github/v8/v8/third_party/icu/source/common",
				);
				LIBRARY_SEARCH_PATHS = (
					"~/projects/github/v8/v8/out.gn/x64.release/obj/",
					"~/projects/github/v8/v8/out.gn/x64.release/obj/src/inspector/",
					"~/projects/github/v8/v8/out.gn/x64.release/obj/third_party/icu/",
					/usr/local/lib,
				);
				OTHER_LDFLAGS = (
					"-luv",
					"-lz",
					"-lcrypto",
					"-lcouchbase",
				);
				PRODUCT_NAME = "$(TARGET_NAME)";
			};
			name = Debug;
		};
		AC7BE7E81F136E20003A36BA /* Release */ = {
			isa = XCBuildConfiguration;
			buildSettings = {
				HEADER_SEARCH_PATHS = (
					"~/projects/github/v8/v8",
					"~/projects/github/v8/v8/include",
					/usr/local/include,
					"~/projects/github/v8/v8/third_party/icu/source/common",
				);
				LIBRARY_SEARCH_PATHS = (
					"~/projects/github/v8/v8/out.gn/x64.release/obj/",
					"~/projects/github/v8/v8/out.gn/x64.release/obj/src/inspector/",
					"~/projects/github/v8/v8/out.gn/x64.release/obj/third_party/icu/",
					/usr/local/lib,
				);
				OTHER_LDFLAGS = (
					"-luv",
					"-lz",
					"-lcrypto",
					"-lcouchbase",
				);
				PRODUCT_NAME = "$(TARGET_NAME)";
			};
			name = Release;
		};
		ACA411AA1F3AE7280073C207 /* Debug */ = {
			isa = XCBuildConfiguration;
			buildSettings = {
				HEADER_SEARCH_PATHS = (
					"~/projects/github/v8/v8",
					"~/projects/github/v8/v8/include",
					/usr/local/include,
					"~/projects/github/couchbase/enterprise/v8inspector",
					"~/projects/github/v8/v8/third_party/icu/source/common",
				);
				LIBRARY_SEARCH_PATHS = (
					"~/projects/github/v8/v8/out.gn/x64.release/obj/",
					"~/projects/github/v8/v8/out.gn/x64.release/obj/src/inspector/",
					"~/projects/github/v8/v8/out.gn/x64.release/obj/third_party/icu/",
					/usr/local/lib,
				);
				OTHER_CPLUSPLUSFLAGS = (
					"$(OTHER_CFLAGS)",
					"-DSTANDALONE_BUILD=1",
				);
				PRODUCT_NAME = "$(TARGET_NAME)";
			};
			name = Debug;
		};
		ACA411AB1F3AE7280073C207 /* Release */ = {
			isa = XCBuildConfiguration;
			buildSettings = {
				HEADER_SEARCH_PATHS = (
					"~/projects/github/v8/v8",
					"~/projects/github/v8/v8/include",
					/usr/local/include,
					"~/projects/github/couchbase/enterprise/v8inspector",
					"~/projects/github/v8/v8/third_party/icu/source/common",
				);
				LIBRARY_SEARCH_PATHS = (
					"~/projects/github/v8/v8/out.gn/x64.release/obj/",
					"~/projects/github/v8/v8/out.gn/x64.release/obj/src/inspector/",
					"~/projects/github/v8/v8/out.gn/x64.release/obj/third_party/icu/",
					/usr/local/lib,
				);
				OTHER_CPLUSPLUSFLAGS = (
					"$(OTHER_CFLAGS)",
					"-DSTANDALONE_BUILD=1",
				);
				PRODUCT_NAME = "$(TARGET_NAME)";
			};
			name = Release;
		};
/* End XCBuildConfiguration section */

/* Begin XCConfigurationList section */
		AC0CBB1D1F04C1490000D398 /* Build configuration list for PBXNativeTarget "checkout" */ = {
			isa = XCConfigurationList;
			buildConfigurations = (
				AC0CBB1E1F04C1490000D398 /* Debug */,
				AC0CBB1F1F04C1490000D398 /* Release */,
			);
			defaultConfigurationIsVisible = 0;
			defaultConfigurationName = Release;
		};
		AC1A6B4F1ECEC8B400FFAE1F /* Build configuration list for PBXProject "n1ql_js_v3" */ = {
			isa = XCConfigurationList;
			buildConfigurations = (
				AC1A6B591ECEC8B400FFAE1F /* Debug */,
				AC1A6B5A1ECEC8B400FFAE1F /* Release */,
			);
			defaultConfigurationIsVisible = 0;
			defaultConfigurationName = Release;
		};
		AC1A6B5B1ECEC8B400FFAE1F /* Build configuration list for PBXNativeTarget "n1ql_js_v3" */ = {
			isa = XCConfigurationList;
			buildConfigurations = (
				AC1A6B5C1ECEC8B400FFAE1F /* Debug */,
				AC1A6B5D1ECEC8B400FFAE1F /* Release */,
			);
			defaultConfigurationIsVisible = 0;
			defaultConfigurationName = Release;
		};
		AC7BE7E61F136E20003A36BA /* Build configuration list for PBXNativeTarget "debugger" */ = {
			isa = XCConfigurationList;
			buildConfigurations = (
				AC7BE7E71F136E20003A36BA /* Debug */,
				AC7BE7E81F136E20003A36BA /* Release */,
			);
			defaultConfigurationIsVisible = 0;
			defaultConfigurationName = Release;
		};
		ACA411A91F3AE7280073C207 /* Build configuration list for PBXNativeTarget "eventing" */ = {
			isa = XCConfigurationList;
			buildConfigurations = (
				ACA411AA1F3AE7280073C207 /* Debug */,
				ACA411AB1F3AE7280073C207 /* Release */,
			);
			defaultConfigurationIsVisible = 0;
			defaultConfigurationName = Release;
		};
/* End XCConfigurationList section */
	};
	rootObject = AC1A6B4C1ECEC8B400FFAE1F /* Project object */;
}
