// !$*UTF8*$!
{
	archiveVersion = 1;
	classes = {
	};
	objectVersion = 46;
	objects = {

/* Begin PBXBuildFile section */
		AC2B98921F9DB0C300D68B57 /* n1ql_query.cpp in Sources */ = {isa = PBXBuildFile; fileRef = ACA288961E711EF000275D54 /* n1ql_query.cpp */; };
/* End PBXBuildFile section */

/* Begin PBXCopyFilesBuildPhase section */
		ACDE05A31E710F500067C820 /* CopyFiles */ = {
			isa = PBXCopyFilesBuildPhase;
			buildActionMask = 2147483647;
			dstPath = /usr/share/man/man1/;
			dstSubfolderSpec = 0;
			files = (
			);
			runOnlyForDeploymentPostprocessing = 1;
		};
/* End PBXCopyFilesBuildPhase section */

/* Begin PBXFileReference section */
		AC101F121ECC00840054EE98 /* nested_iter1.cpp */ = {isa = PBXFileReference; fileEncoding = 4; lastKnownFileType = sourcecode.cpp.cpp; path = nested_iter1.cpp; sourceTree = "<group>"; };
		AC101F141ECC198F0054EE98 /* nested_iter2.cpp */ = {isa = PBXFileReference; fileEncoding = 4; lastKnownFileType = sourcecode.cpp.cpp; path = nested_iter2.cpp; sourceTree = "<group>"; };
		AC101F1A1ECC36020054EE98 /* nested_iter3.cpp */ = {isa = PBXFileReference; fileEncoding = 4; lastKnownFileType = sourcecode.cpp.cpp; path = nested_iter3.cpp; sourceTree = "<group>"; };
		AC1059ED1EEE94C60091A805 /* get_set.cpp */ = {isa = PBXFileReference; fileEncoding = 4; lastKnownFileType = sourcecode.cpp.cpp; path = get_set.cpp; sourceTree = "<group>"; };
		AC1BEB981EDD1ADD00329D43 /* duplicate_rows.cpp */ = {isa = PBXFileReference; fileEncoding = 4; lastKnownFileType = sourcecode.cpp.cpp; path = duplicate_rows.cpp; sourceTree = "<group>"; };
		AC2F2BDD1F84CE0800075B12 /* pos_param.cpp */ = {isa = PBXFileReference; lastKnownFileType = sourcecode.cpp.cpp; path = pos_param.cpp; sourceTree = "<group>"; };
		ACA288961E711EF000275D54 /* n1ql_query.cpp */ = {isa = PBXFileReference; fileEncoding = 4; lastKnownFileType = sourcecode.cpp.cpp; path = n1ql_query.cpp; sourceTree = "<group>"; };
		ACA288971E711EF000275D54 /* stop_iter.cpp */ = {isa = PBXFileReference; fileEncoding = 4; lastKnownFileType = sourcecode.cpp.cpp; path = stop_iter.cpp; sourceTree = "<group>"; };
		ACDE05A51E710F500067C820 /* libcb */ = {isa = PBXFileReference; explicitFileType = "compiled.mach-o.executable"; includeInIndex = 0; path = libcb; sourceTree = BUILT_PRODUCTS_DIR; };
		ACDE05A81E710F500067C820 /* main.cpp */ = {isa = PBXFileReference; lastKnownFileType = sourcecode.cpp.cpp; path = main.cpp; sourceTree = "<group>"; };
/* End PBXFileReference section */

/* Begin PBXFrameworksBuildPhase section */
		ACDE05A21E710F500067C820 /* Frameworks */ = {
			isa = PBXFrameworksBuildPhase;
			buildActionMask = 2147483647;
			files = (
			);
			runOnlyForDeploymentPostprocessing = 0;
		};
/* End PBXFrameworksBuildPhase section */

/* Begin PBXGroup section */
		AC1059EA1EEE924F0091A805 /* nested_iter */ = {
			isa = PBXGroup;
			children = (
				AC101F121ECC00840054EE98 /* nested_iter1.cpp */,
				AC101F141ECC198F0054EE98 /* nested_iter2.cpp */,
				AC101F1A1ECC36020054EE98 /* nested_iter3.cpp */,
			);
			name = nested_iter;
			sourceTree = "<group>";
		};
		AC1059EB1EEE92750091A805 /* n1ql */ = {
			isa = PBXGroup;
			children = (
				ACA288961E711EF000275D54 /* n1ql_query.cpp */,
				ACA288971E711EF000275D54 /* stop_iter.cpp */,
				AC1059EA1EEE924F0091A805 /* nested_iter */,
				AC1BEB981EDD1ADD00329D43 /* duplicate_rows.cpp */,
				AC2F2BDD1F84CE0800075B12 /* pos_param.cpp */,
			);
			name = n1ql;
			sourceTree = "<group>";
		};
		AC1059EC1EEE92870091A805 /* kv */ = {
			isa = PBXGroup;
			children = (
				AC1059ED1EEE94C60091A805 /* get_set.cpp */,
			);
			name = kv;
			sourceTree = "<group>";
		};
		ACDE059C1E710F500067C820 = {
			isa = PBXGroup;
			children = (
				ACDE05A71E710F500067C820 /* libcb */,
				ACDE05A61E710F500067C820 /* Products */,
			);
			sourceTree = "<group>";
		};
		ACDE05A61E710F500067C820 /* Products */ = {
			isa = PBXGroup;
			children = (
				ACDE05A51E710F500067C820 /* libcb */,
			);
			name = Products;
			sourceTree = "<group>";
		};
		ACDE05A71E710F500067C820 /* libcb */ = {
			isa = PBXGroup;
			children = (
				AC1059EC1EEE92870091A805 /* kv */,
				AC1059EB1EEE92750091A805 /* n1ql */,
				ACDE05A81E710F500067C820 /* main.cpp */,
			);
			path = libcb;
			sourceTree = "<group>";
		};
/* End PBXGroup section */

/* Begin PBXNativeTarget section */
		ACDE05A41E710F500067C820 /* libcb */ = {
			isa = PBXNativeTarget;
			buildConfigurationList = ACDE05AC1E710F500067C820 /* Build configuration list for PBXNativeTarget "libcb" */;
			buildPhases = (
				ACDE05A11E710F500067C820 /* Sources */,
				ACDE05A21E710F500067C820 /* Frameworks */,
				ACDE05A31E710F500067C820 /* CopyFiles */,
			);
			buildRules = (
			);
			dependencies = (
			);
			name = libcb;
			productName = libcb;
			productReference = ACDE05A51E710F500067C820 /* libcb */;
			productType = "com.apple.product-type.tool";
		};
/* End PBXNativeTarget section */

/* Begin PBXProject section */
		ACDE059D1E710F500067C820 /* Project object */ = {
			isa = PBXProject;
			attributes = {
				LastUpgradeCheck = 0820;
				ORGANIZATIONNAME = Couchbase;
				TargetAttributes = {
					ACDE05A41E710F500067C820 = {
						CreatedOnToolsVersion = 8.2.1;
						ProvisioningStyle = Automatic;
					};
				};
			};
			buildConfigurationList = ACDE05A01E710F500067C820 /* Build configuration list for PBXProject "libcb" */;
			compatibilityVersion = "Xcode 3.2";
			developmentRegion = English;
			hasScannedForEncodings = 0;
			knownRegions = (
				en,
			);
			mainGroup = ACDE059C1E710F500067C820;
			productRefGroup = ACDE05A61E710F500067C820 /* Products */;
			projectDirPath = "";
			projectRoot = "";
			targets = (
				ACDE05A41E710F500067C820 /* libcb */,
			);
		};
/* End PBXProject section */

/* Begin PBXSourcesBuildPhase section */
		ACDE05A11E710F500067C820 /* Sources */ = {
			isa = PBXSourcesBuildPhase;
			buildActionMask = 2147483647;
			files = (
				AC2B98921F9DB0C300D68B57 /* n1ql_query.cpp in Sources */,
			);
			runOnlyForDeploymentPostprocessing = 0;
		};
/* End PBXSourcesBuildPhase section */

/* Begin XCBuildConfiguration section */
		ACDE05AA1E710F500067C820 /* Debug */ = {
			isa = XCBuildConfiguration;
			buildSettings = {
				ALWAYS_SEARCH_USER_PATHS = NO;
				CLANG_ANALYZER_NONNULL = YES;
				CLANG_CXX_LANGUAGE_STANDARD = "gnu++0x";
				CLANG_CXX_LIBRARY = "libc++";
				CLANG_ENABLE_MODULES = YES;
				CLANG_ENABLE_OBJC_ARC = YES;
				CLANG_WARN_BOOL_CONVERSION = YES;
				CLANG_WARN_CONSTANT_CONVERSION = YES;
				CLANG_WARN_DIRECT_OBJC_ISA_USAGE = YES_ERROR;
				CLANG_WARN_DOCUMENTATION_COMMENTS = YES;
				CLANG_WARN_EMPTY_BODY = YES;
				CLANG_WARN_ENUM_CONVERSION = YES;
				CLANG_WARN_INFINITE_RECURSION = YES;
				CLANG_WARN_INT_CONVERSION = YES;
				CLANG_WARN_OBJC_ROOT_CLASS = YES_ERROR;
				CLANG_WARN_SUSPICIOUS_MOVE = YES;
				CLANG_WARN_UNREACHABLE_CODE = YES;
				CLANG_WARN__DUPLICATE_METHOD_MATCH = YES;
				CODE_SIGN_IDENTITY = "-";
				COPY_PHASE_STRIP = NO;
				DEBUG_INFORMATION_FORMAT = dwarf;
				ENABLE_STRICT_OBJC_MSGSEND = YES;
				ENABLE_TESTABILITY = YES;
				GCC_C_LANGUAGE_STANDARD = gnu99;
				GCC_DYNAMIC_NO_PIC = NO;
				GCC_NO_COMMON_BLOCKS = YES;
				GCC_OPTIMIZATION_LEVEL = 0;
				GCC_PREPROCESSOR_DEFINITIONS = (
					"DEBUG=1",
					"$(inherited)",
				);
				GCC_WARN_64_TO_32_BIT_CONVERSION = YES;
				GCC_WARN_ABOUT_RETURN_TYPE = YES_ERROR;
				GCC_WARN_UNDECLARED_SELECTOR = YES;
				GCC_WARN_UNINITIALIZED_AUTOS = YES_AGGRESSIVE;
				GCC_WARN_UNUSED_FUNCTION = YES;
				GCC_WARN_UNUSED_VARIABLE = YES;
				MACOSX_DEPLOYMENT_TARGET = 10.12;
				MTL_ENABLE_DEBUG_INFO = YES;
				ONLY_ACTIVE_ARCH = YES;
				SDKROOT = macosx;
			};
			name = Debug;
		};
		ACDE05AB1E710F500067C820 /* Release */ = {
			isa = XCBuildConfiguration;
			buildSettings = {
				ALWAYS_SEARCH_USER_PATHS = NO;
				CLANG_ANALYZER_NONNULL = YES;
				CLANG_CXX_LANGUAGE_STANDARD = "gnu++0x";
				CLANG_CXX_LIBRARY = "libc++";
				CLANG_ENABLE_MODULES = YES;
				CLANG_ENABLE_OBJC_ARC = YES;
				CLANG_WARN_BOOL_CONVERSION = YES;
				CLANG_WARN_CONSTANT_CONVERSION = YES;
				CLANG_WARN_DIRECT_OBJC_ISA_USAGE = YES_ERROR;
				CLANG_WARN_DOCUMENTATION_COMMENTS = YES;
				CLANG_WARN_EMPTY_BODY = YES;
				CLANG_WARN_ENUM_CONVERSION = YES;
				CLANG_WARN_INFINITE_RECURSION = YES;
				CLANG_WARN_INT_CONVERSION = YES;
				CLANG_WARN_OBJC_ROOT_CLASS = YES_ERROR;
				CLANG_WARN_SUSPICIOUS_MOVE = YES;
				CLANG_WARN_UNREACHABLE_CODE = YES;
				CLANG_WARN__DUPLICATE_METHOD_MATCH = YES;
				CODE_SIGN_IDENTITY = "-";
				COPY_PHASE_STRIP = NO;
				DEBUG_INFORMATION_FORMAT = "dwarf-with-dsym";
				ENABLE_NS_ASSERTIONS = NO;
				ENABLE_STRICT_OBJC_MSGSEND = YES;
				GCC_C_LANGUAGE_STANDARD = gnu99;
				GCC_NO_COMMON_BLOCKS = YES;
				GCC_WARN_64_TO_32_BIT_CONVERSION = YES;
				GCC_WARN_ABOUT_RETURN_TYPE = YES_ERROR;
				GCC_WARN_UNDECLARED_SELECTOR = YES;
				GCC_WARN_UNINITIALIZED_AUTOS = YES_AGGRESSIVE;
				GCC_WARN_UNUSED_FUNCTION = YES;
				GCC_WARN_UNUSED_VARIABLE = YES;
				MACOSX_DEPLOYMENT_TARGET = 10.12;
				MTL_ENABLE_DEBUG_INFO = NO;
				SDKROOT = macosx;
			};
			name = Release;
		};
		ACDE05AD1E710F500067C820 /* Debug */ = {
			isa = XCBuildConfiguration;
			buildSettings = {
				HEADER_SEARCH_PATHS = /usr/local/include/;
				LIBRARY_SEARCH_PATHS = /usr/local/lib/;
				OTHER_LDFLAGS = "-lcouchbase";
				PRODUCT_NAME = "$(TARGET_NAME)";
			};
			name = Debug;
		};
		ACDE05AE1E710F500067C820 /* Release */ = {
			isa = XCBuildConfiguration;
			buildSettings = {
				HEADER_SEARCH_PATHS = /usr/local/include/;
				LIBRARY_SEARCH_PATHS = /usr/local/lib/;
				OTHER_LDFLAGS = "-lcouchbase";
				PRODUCT_NAME = "$(TARGET_NAME)";
			};
			name = Release;
		};
/* End XCBuildConfiguration section */

/* Begin XCConfigurationList section */
		ACDE05A01E710F500067C820 /* Build configuration list for PBXProject "libcb" */ = {
			isa = XCConfigurationList;
			buildConfigurations = (
				ACDE05AA1E710F500067C820 /* Debug */,
				ACDE05AB1E710F500067C820 /* Release */,
			);
			defaultConfigurationIsVisible = 0;
			defaultConfigurationName = Release;
		};
		ACDE05AC1E710F500067C820 /* Build configuration list for PBXNativeTarget "libcb" */ = {
			isa = XCConfigurationList;
			buildConfigurations = (
				ACDE05AD1E710F500067C820 /* Debug */,
				ACDE05AE1E710F500067C820 /* Release */,
			);
			defaultConfigurationIsVisible = 0;
			defaultConfigurationName = Release;
		};
/* End XCConfigurationList section */
	};
	rootObject = ACDE059D1E710F500067C820 /* Project object */;
}
