// !$*UTF8*$!
{
	archiveVersion = 1;
	classes = {
	};
	objectVersion = 46;
	objects = {

/* Begin PBXBuildFile section */
		AC12E5E51EC00E74002FF101 /* main.cpp in Sources */ = {isa = PBXBuildFile; fileRef = AC12E5E41EC00E74002FF101 /* main.cpp */; };
/* End PBXBuildFile section */

/* Begin PBXCopyFilesBuildPhase section */
		AC12E5DF1EC00E74002FF101 /* CopyFiles */ = {
			isa = PBXCopyFilesBuildPhase;
			buildActionMask = 2147483647;
			dstPath = /usr/share/man/man1/;
			dstSubfolderSpec = 0;
			files = (
			);
			runOnlyForDeploymentPostprocessing = 1;
		};
/* End PBXCopyFilesBuildPhase section */

/* Begin PBXFileReference section */
		AC12E5E11EC00E74002FF101 /* v8_perf */ = {isa = PBXFileReference; explicitFileType = "compiled.mach-o.executable"; includeInIndex = 0; path = v8_perf; sourceTree = BUILT_PRODUCTS_DIR; };
		AC12E5E41EC00E74002FF101 /* main.cpp */ = {isa = PBXFileReference; lastKnownFileType = sourcecode.cpp.cpp; path = main.cpp; sourceTree = "<group>"; };
		ACDAC9081EC01DC0006747C9 /* new_code.js */ = {isa = PBXFileReference; fileEncoding = 4; lastKnownFileType = sourcecode.javascript; path = new_code.js; sourceTree = "<group>"; };
		ACDAC9091EC02EBD006747C9 /* nested_2.js */ = {isa = PBXFileReference; fileEncoding = 4; lastKnownFileType = sourcecode.javascript; path = nested_2.js; sourceTree = "<group>"; };
		ACDAC90A1EC0300D006747C9 /* nested_3.js */ = {isa = PBXFileReference; fileEncoding = 4; lastKnownFileType = sourcecode.javascript; path = nested_3.js; sourceTree = "<group>"; };
/* End PBXFileReference section */

/* Begin PBXFrameworksBuildPhase section */
		AC12E5DE1EC00E74002FF101 /* Frameworks */ = {
			isa = PBXFrameworksBuildPhase;
			buildActionMask = 2147483647;
			files = (
			);
			runOnlyForDeploymentPostprocessing = 0;
		};
/* End PBXFrameworksBuildPhase section */

/* Begin PBXGroup section */
		AC12E5D81EC00E74002FF101 = {
			isa = PBXGroup;
			children = (
				AC12E5E31EC00E74002FF101 /* v8_perf */,
				AC12E5E21EC00E74002FF101 /* Products */,
			);
			sourceTree = "<group>";
		};
		AC12E5E21EC00E74002FF101 /* Products */ = {
			isa = PBXGroup;
			children = (
				AC12E5E11EC00E74002FF101 /* v8_perf */,
			);
			name = Products;
			sourceTree = "<group>";
		};
		AC12E5E31EC00E74002FF101 /* v8_perf */ = {
			isa = PBXGroup;
			children = (
				ACDAC9061EC01D84006747C9 /* js */,
				AC12E5E41EC00E74002FF101 /* main.cpp */,
			);
			path = v8_perf;
			sourceTree = "<group>";
		};
		ACDAC9061EC01D84006747C9 /* js */ = {
			isa = PBXGroup;
			children = (
				ACDAC90A1EC0300D006747C9 /* nested_3.js */,
				ACDAC9091EC02EBD006747C9 /* nested_2.js */,
				ACDAC9081EC01DC0006747C9 /* new_code.js */,
			);
			name = js;
			sourceTree = "<group>";
		};
/* End PBXGroup section */

/* Begin PBXNativeTarget section */
		AC12E5E01EC00E74002FF101 /* v8_perf */ = {
			isa = PBXNativeTarget;
			buildConfigurationList = AC12E5E81EC00E74002FF101 /* Build configuration list for PBXNativeTarget "v8_perf" */;
			buildPhases = (
				AC12E5DD1EC00E74002FF101 /* Sources */,
				AC12E5DE1EC00E74002FF101 /* Frameworks */,
				AC12E5DF1EC00E74002FF101 /* CopyFiles */,
				AC12E5EC1EC00FA5002FF101 /* ShellScript */,
			);
			buildRules = (
			);
			dependencies = (
			);
			name = v8_perf;
			productName = v8_perf;
			productReference = AC12E5E11EC00E74002FF101 /* v8_perf */;
			productType = "com.apple.product-type.tool";
		};
/* End PBXNativeTarget section */

/* Begin PBXProject section */
		AC12E5D91EC00E74002FF101 /* Project object */ = {
			isa = PBXProject;
			attributes = {
				LastUpgradeCheck = 0830;
				ORGANIZATIONNAME = Couchbase;
				TargetAttributes = {
					AC12E5E01EC00E74002FF101 = {
						CreatedOnToolsVersion = 8.3.2;
						ProvisioningStyle = Automatic;
					};
				};
			};
			buildConfigurationList = AC12E5DC1EC00E74002FF101 /* Build configuration list for PBXProject "v8_perf" */;
			compatibilityVersion = "Xcode 3.2";
			developmentRegion = English;
			hasScannedForEncodings = 0;
			knownRegions = (
				en,
			);
			mainGroup = AC12E5D81EC00E74002FF101;
			productRefGroup = AC12E5E21EC00E74002FF101 /* Products */;
			projectDirPath = "";
			projectRoot = "";
			targets = (
				AC12E5E01EC00E74002FF101 /* v8_perf */,
			);
		};
/* End PBXProject section */

/* Begin PBXShellScriptBuildPhase section */
		AC12E5EC1EC00FA5002FF101 /* ShellScript */ = {
			isa = PBXShellScriptBuildPhase;
			buildActionMask = 2147483647;
			files = (
			);
			inputPaths = (
			);
			outputPaths = (
			);
			runOnlyForDeploymentPostprocessing = 0;
			shellPath = /bin/sh;
			shellScript = "install_name_tool -change @rpath/libv8.dylib /Users/gautham/.cbdepscache/lib/libv8.dylib /Users/gautham/Library/Developer/Xcode/DerivedData/v8_perf-dxtczvlapxideahadygsocxpwrux/Build/Products/Debug/v8_perf";
		};
/* End PBXShellScriptBuildPhase section */

/* Begin PBXSourcesBuildPhase section */
		AC12E5DD1EC00E74002FF101 /* Sources */ = {
			isa = PBXSourcesBuildPhase;
			buildActionMask = 2147483647;
			files = (
				AC12E5E51EC00E74002FF101 /* main.cpp in Sources */,
			);
			runOnlyForDeploymentPostprocessing = 0;
		};
/* End PBXSourcesBuildPhase section */

/* Begin XCBuildConfiguration section */
		AC12E5E61EC00E74002FF101 /* Debug */ = {
			isa = XCBuildConfiguration;
			buildSettings = {
				ALWAYS_SEARCH_USER_PATHS = NO;
				CLANG_ANALYZER_NONNULL = YES;
				CLANG_ANALYZER_NUMBER_OBJECT_CONVERSION = YES_AGGRESSIVE;
				CLANG_CXX_LANGUAGE_STANDARD = "gnu++0x";
				CLANG_CXX_LIBRARY = "libc++";
				CLANG_ENABLE_MODULES = YES;
				CLANG_ENABLE_OBJC_ARC = YES;
				CLANG_WARN_BOOL_CONVERSION = YES;
				CLANG_WARN_CONSTANT_CONVERSION = YES;
				CLANG_WARN_DIRECT_OBJC_ISA_USAGE = YES_ERROR;
				CLANG_WARN_DOCUMENTATION_COMMENTS = YES;
				CLANG_WARN_EMPTY_BODY = YES;
				CLANG_WARN_ENUM_CONVERSION = YES;
				CLANG_WARN_INFINITE_RECURSION = YES;
				CLANG_WARN_INT_CONVERSION = YES;
				CLANG_WARN_OBJC_ROOT_CLASS = YES_ERROR;
				CLANG_WARN_SUSPICIOUS_MOVE = YES;
				CLANG_WARN_UNREACHABLE_CODE = YES;
				CLANG_WARN__DUPLICATE_METHOD_MATCH = YES;
				CODE_SIGN_IDENTITY = "-";
				COPY_PHASE_STRIP = NO;
				DEBUG_INFORMATION_FORMAT = dwarf;
				ENABLE_STRICT_OBJC_MSGSEND = YES;
				ENABLE_TESTABILITY = YES;
				GCC_C_LANGUAGE_STANDARD = gnu99;
				GCC_DYNAMIC_NO_PIC = NO;
				GCC_NO_COMMON_BLOCKS = YES;
				GCC_OPTIMIZATION_LEVEL = 0;
				GCC_PREPROCESSOR_DEFINITIONS = (
					"DEBUG=1",
					"$(inherited)",
				);
				GCC_WARN_64_TO_32_BIT_CONVERSION = YES;
				GCC_WARN_ABOUT_RETURN_TYPE = YES_ERROR;
				GCC_WARN_UNDECLARED_SELECTOR = YES;
				GCC_WARN_UNINITIALIZED_AUTOS = YES_AGGRESSIVE;
				GCC_WARN_UNUSED_FUNCTION = YES;
				GCC_WARN_UNUSED_VARIABLE = YES;
				MACOSX_DEPLOYMENT_TARGET = 10.12;
				MTL_ENABLE_DEBUG_INFO = YES;
				ONLY_ACTIVE_ARCH = YES;
				SDKROOT = macosx;
			};
			name = Debug;
		};
		AC12E5E71EC00E74002FF101 /* Release */ = {
			isa = XCBuildConfiguration;
			buildSettings = {
				ALWAYS_SEARCH_USER_PATHS = NO;
				CLANG_ANALYZER_NONNULL = YES;
				CLANG_ANALYZER_NUMBER_OBJECT_CONVERSION = YES_AGGRESSIVE;
				CLANG_CXX_LANGUAGE_STANDARD = "gnu++0x";
				CLANG_CXX_LIBRARY = "libc++";
				CLANG_ENABLE_MODULES = YES;
				CLANG_ENABLE_OBJC_ARC = YES;
				CLANG_WARN_BOOL_CONVERSION = YES;
				CLANG_WARN_CONSTANT_CONVERSION = YES;
				CLANG_WARN_DIRECT_OBJC_ISA_USAGE = YES_ERROR;
				CLANG_WARN_DOCUMENTATION_COMMENTS = YES;
				CLANG_WARN_EMPTY_BODY = YES;
				CLANG_WARN_ENUM_CONVERSION = YES;
				CLANG_WARN_INFINITE_RECURSION = YES;
				CLANG_WARN_INT_CONVERSION = YES;
				CLANG_WARN_OBJC_ROOT_CLASS = YES_ERROR;
				CLANG_WARN_SUSPICIOUS_MOVE = YES;
				CLANG_WARN_UNREACHABLE_CODE = YES;
				CLANG_WARN__DUPLICATE_METHOD_MATCH = YES;
				CODE_SIGN_IDENTITY = "-";
				COPY_PHASE_STRIP = NO;
				DEBUG_INFORMATION_FORMAT = "dwarf-with-dsym";
				ENABLE_NS_ASSERTIONS = NO;
				ENABLE_STRICT_OBJC_MSGSEND = YES;
				GCC_C_LANGUAGE_STANDARD = gnu99;
				GCC_NO_COMMON_BLOCKS = YES;
				GCC_WARN_64_TO_32_BIT_CONVERSION = YES;
				GCC_WARN_ABOUT_RETURN_TYPE = YES_ERROR;
				GCC_WARN_UNDECLARED_SELECTOR = YES;
				GCC_WARN_UNINITIALIZED_AUTOS = YES_AGGRESSIVE;
				GCC_WARN_UNUSED_FUNCTION = YES;
				GCC_WARN_UNUSED_VARIABLE = YES;
				MACOSX_DEPLOYMENT_TARGET = 10.12;
				MTL_ENABLE_DEBUG_INFO = NO;
				SDKROOT = macosx;
			};
			name = Release;
		};
		AC12E5E91EC00E74002FF101 /* Debug */ = {
			isa = XCBuildConfiguration;
			buildSettings = {
				HEADER_SEARCH_PATHS = (
					/Users/gautham/.cbdepscache/,
					/usr/local/include/,
				);
				LIBRARY_SEARCH_PATHS = (
					/usr/local/lib/,
					/Users/gautham/.cbdepscache/lib/,
				);
				OTHER_LDFLAGS = "-lv8";
				PRODUCT_NAME = "$(TARGET_NAME)";
			};
			name = Debug;
		};
		AC12E5EA1EC00E74002FF101 /* Release */ = {
			isa = XCBuildConfiguration;
			buildSettings = {
				HEADER_SEARCH_PATHS = (
					/Users/gautham/.cbdepscache/,
					/usr/local/include/,
				);
				LIBRARY_SEARCH_PATHS = (
					/usr/local/lib/,
					/Users/gautham/.cbdepscache/lib/,
				);
				OTHER_LDFLAGS = "-lv8";
				PRODUCT_NAME = "$(TARGET_NAME)";
			};
			name = Release;
		};
/* End XCBuildConfiguration section */

/* Begin XCConfigurationList section */
		AC12E5DC1EC00E74002FF101 /* Build configuration list for PBXProject "v8_perf" */ = {
			isa = XCConfigurationList;
			buildConfigurations = (
				AC12E5E61EC00E74002FF101 /* Debug */,
				AC12E5E71EC00E74002FF101 /* Release */,
			);
			defaultConfigurationIsVisible = 0;
			defaultConfigurationName = Release;
		};
		AC12E5E81EC00E74002FF101 /* Build configuration list for PBXNativeTarget "v8_perf" */ = {
			isa = XCConfigurationList;
			buildConfigurations = (
				AC12E5E91EC00E74002FF101 /* Debug */,
				AC12E5EA1EC00E74002FF101 /* Release */,
			);
			defaultConfigurationIsVisible = 0;
			defaultConfigurationName = Release;
		};
/* End XCConfigurationList section */
	};
	rootObject = AC12E5D91EC00E74002FF101 /* Project object */;
}
